// !$*UTF8*$!
{
	archiveVersion = 1;
	classes = {
	};
	objectVersion = 56;
	objects = {

/* Begin PBXBuildFile section */
		2D3C63D32A450E9B008CEB30 /* AppDelegate.swift in Sources */ = {isa = PBXBuildFile; fileRef = 2D3C63D22A450E9B008CEB30 /* AppDelegate.swift */; };
		2D3C63D52A450E9B008CEB30 /* SceneDelegate.swift in Sources */ = {isa = PBXBuildFile; fileRef = 2D3C63D42A450E9B008CEB30 /* SceneDelegate.swift */; };
		2D3C63D72A450E9B008CEB30 /* GHEViewController.swift in Sources */ = {isa = PBXBuildFile; fileRef = 2D3C63D62A450E9B008CEB30 /* GHEViewController.swift */; };
		2D3C63DC2A450E9D008CEB30 /* Assets.xcassets in Resources */ = {isa = PBXBuildFile; fileRef = 2D3C63DB2A450E9D008CEB30 /* Assets.xcassets */; };
		2D3C63FD2A4548A9008CEB30 /* GHEResponse.swift in Sources */ = {isa = PBXBuildFile; fileRef = 2D3C63FC2A4548A9008CEB30 /* GHEResponse.swift */; };
		2DAAD2A12A45B3B90077A45E /* GHEListRepositoryResponse.swift in Sources */ = {isa = PBXBuildFile; fileRef = 2DAAD2A02A45B3B90077A45E /* GHEListRepositoryResponse.swift */; };
		2DAAD2A52A45B6880077A45E /* GHEConstants.swift in Sources */ = {isa = PBXBuildFile; fileRef = 2DAAD2A42A45B6880077A45E /* GHEConstants.swift */; };
		2DAAD2AB2A45B98A0077A45E /* UIViewConstraints.swift in Sources */ = {isa = PBXBuildFile; fileRef = 2DAAD2AA2A45B98A0077A45E /* UIViewConstraints.swift */; };
		2DAAD2AE2A45BA920077A45E /* GHEOperation.swift in Sources */ = {isa = PBXBuildFile; fileRef = 2DAAD2AD2A45BA920077A45E /* GHEOperation.swift */; };
		2DAAD2DE2A45C45B0077A45E /* GHEManager.swift in Sources */ = {isa = PBXBuildFile; fileRef = 2DAAD2DD2A45C45B0077A45E /* GHEManager.swift */; };
		2DAAD2E62A45C7C60077A45E /* GHEBusiness.swift in Sources */ = {isa = PBXBuildFile; fileRef = 2DAAD2E52A45C7C60077A45E /* GHEBusiness.swift */; };
		2DAAD2E82A45CA7D0077A45E /* GHEViewModel.swift in Sources */ = {isa = PBXBuildFile; fileRef = 2DAAD2E72A45CA7D0077A45E /* GHEViewModel.swift */; };
		2DAAD2ED2A45D0420077A45E /* GHECordinator.swift in Sources */ = {isa = PBXBuildFile; fileRef = 2DAAD2EC2A45D0420077A45E /* GHECordinator.swift */; };
		2DAAD2EF2A45D1F20077A45E /* GHEWelcomeViewController.swift in Sources */ = {isa = PBXBuildFile; fileRef = 2DAAD2EE2A45D1F20077A45E /* GHEWelcomeViewController.swift */; };
		2DAAD2F22A45D2ED0077A45E /* HeaderView.swift in Sources */ = {isa = PBXBuildFile; fileRef = 2DAAD2F12A45D2ED0077A45E /* HeaderView.swift */; };
		2DAAD2F52A45D8800077A45E /* LoadingView.swift in Sources */ = {isa = PBXBuildFile; fileRef = 2DAAD2F42A45D8800077A45E /* LoadingView.swift */; };
		2DAAD2F72A45DA5B0077A45E /* UIViewAnimations.swift in Sources */ = {isa = PBXBuildFile; fileRef = 2DAAD2F62A45DA5B0077A45E /* UIViewAnimations.swift */; };
		2DAAD2FD2A4609700077A45E /* CoreSwift in Frameworks */ = {isa = PBXBuildFile; productRef = 2DAAD2FC2A4609700077A45E /* CoreSwift */; };
		B0EFC0EA25D397CD457E05F6 /* Pods_GitHubExplorer.framework in Frameworks */ = {isa = PBXBuildFile; fileRef = 2D8B628C303E566C2EA76BE1 /* Pods_GitHubExplorer.framework */; };
/* End PBXBuildFile section */

/* Begin PBXFileReference section */
		225A8214F70AEBACF3DC06DF /* Pods-GitHubExplorer.debug.xcconfig */ = {isa = PBXFileReference; includeInIndex = 1; lastKnownFileType = text.xcconfig; name = "Pods-GitHubExplorer.debug.xcconfig"; path = "Target Support Files/Pods-GitHubExplorer/Pods-GitHubExplorer.debug.xcconfig"; sourceTree = "<group>"; };
		2D3C63CF2A450E9B008CEB30 /* GitHubExplorer.app */ = {isa = PBXFileReference; explicitFileType = wrapper.application; includeInIndex = 0; path = GitHubExplorer.app; sourceTree = BUILT_PRODUCTS_DIR; };
		2D3C63D22A450E9B008CEB30 /* AppDelegate.swift */ = {isa = PBXFileReference; lastKnownFileType = sourcecode.swift; path = AppDelegate.swift; sourceTree = "<group>"; };
		2D3C63D42A450E9B008CEB30 /* SceneDelegate.swift */ = {isa = PBXFileReference; lastKnownFileType = sourcecode.swift; path = SceneDelegate.swift; sourceTree = "<group>"; };
		2D3C63D62A450E9B008CEB30 /* GHEViewController.swift */ = {isa = PBXFileReference; lastKnownFileType = sourcecode.swift; path = GHEViewController.swift; sourceTree = "<group>"; };
		2D3C63DB2A450E9D008CEB30 /* Assets.xcassets */ = {isa = PBXFileReference; lastKnownFileType = folder.assetcatalog; path = Assets.xcassets; sourceTree = "<group>"; };
		2D3C63E02A450E9D008CEB30 /* Info.plist */ = {isa = PBXFileReference; lastKnownFileType = text.plist.xml; path = Info.plist; sourceTree = "<group>"; };
		2D3C63FC2A4548A9008CEB30 /* GHEResponse.swift */ = {isa = PBXFileReference; lastKnownFileType = sourcecode.swift; path = GHEResponse.swift; sourceTree = "<group>"; };
		2D8B628C303E566C2EA76BE1 /* Pods_GitHubExplorer.framework */ = {isa = PBXFileReference; explicitFileType = wrapper.framework; includeInIndex = 0; path = Pods_GitHubExplorer.framework; sourceTree = BUILT_PRODUCTS_DIR; };
		2DAAD2A02A45B3B90077A45E /* GHEListRepositoryResponse.swift */ = {isa = PBXFileReference; lastKnownFileType = sourcecode.swift; path = GHEListRepositoryResponse.swift; sourceTree = "<group>"; };
		2DAAD2A42A45B6880077A45E /* GHEConstants.swift */ = {isa = PBXFileReference; lastKnownFileType = sourcecode.swift; path = GHEConstants.swift; sourceTree = "<group>"; };
		2DAAD2AA2A45B98A0077A45E /* UIViewConstraints.swift */ = {isa = PBXFileReference; lastKnownFileType = sourcecode.swift; path = UIViewConstraints.swift; sourceTree = "<group>"; };
		2DAAD2AD2A45BA920077A45E /* GHEOperation.swift */ = {isa = PBXFileReference; lastKnownFileType = sourcecode.swift; path = GHEOperation.swift; sourceTree = "<group>"; };
		2DAAD2DD2A45C45B0077A45E /* GHEManager.swift */ = {isa = PBXFileReference; lastKnownFileType = sourcecode.swift; path = GHEManager.swift; sourceTree = "<group>"; };
		2DAAD2E52A45C7C60077A45E /* GHEBusiness.swift */ = {isa = PBXFileReference; lastKnownFileType = sourcecode.swift; path = GHEBusiness.swift; sourceTree = "<group>"; };
		2DAAD2E72A45CA7D0077A45E /* GHEViewModel.swift */ = {isa = PBXFileReference; lastKnownFileType = sourcecode.swift; path = GHEViewModel.swift; sourceTree = "<group>"; };
		2DAAD2EC2A45D0420077A45E /* GHECordinator.swift */ = {isa = PBXFileReference; lastKnownFileType = sourcecode.swift; path = GHECordinator.swift; sourceTree = "<group>"; };
		2DAAD2EE2A45D1F20077A45E /* GHEWelcomeViewController.swift */ = {isa = PBXFileReference; lastKnownFileType = sourcecode.swift; path = GHEWelcomeViewController.swift; sourceTree = "<group>"; };
		2DAAD2F12A45D2ED0077A45E /* HeaderView.swift */ = {isa = PBXFileReference; lastKnownFileType = sourcecode.swift; path = HeaderView.swift; sourceTree = "<group>"; };
		2DAAD2F42A45D8800077A45E /* LoadingView.swift */ = {isa = PBXFileReference; lastKnownFileType = sourcecode.swift; path = LoadingView.swift; sourceTree = "<group>"; };
		2DAAD2F62A45DA5B0077A45E /* UIViewAnimations.swift */ = {isa = PBXFileReference; lastKnownFileType = sourcecode.swift; path = UIViewAnimations.swift; sourceTree = "<group>"; };
		7D5A1AE59F42EE492AA1A40F /* Pods-GitHubExplorer.release.xcconfig */ = {isa = PBXFileReference; includeInIndex = 1; lastKnownFileType = text.xcconfig; name = "Pods-GitHubExplorer.release.xcconfig"; path = "Target Support Files/Pods-GitHubExplorer/Pods-GitHubExplorer.release.xcconfig"; sourceTree = "<group>"; };
/* End PBXFileReference section */

/* Begin PBXFrameworksBuildPhase section */
		2D3C63CC2A450E9B008CEB30 /* Frameworks */ = {
			isa = PBXFrameworksBuildPhase;
			buildActionMask = 2147483647;
			files = (
				B0EFC0EA25D397CD457E05F6 /* Pods_GitHubExplorer.framework in Frameworks */,
				2DAAD2FD2A4609700077A45E /* CoreSwift in Frameworks */,
			);
			runOnlyForDeploymentPostprocessing = 0;
		};
/* End PBXFrameworksBuildPhase section */

/* Begin PBXGroup section */
		2D3C63C62A450E9B008CEB30 = {
			isa = PBXGroup;
			children = (
				2D3C63D12A450E9B008CEB30 /* GitHubExplorer */,
				2D3C63D02A450E9B008CEB30 /* Products */,
				7837BF97A7EE04B435D14C15 /* Pods */,
				3C0C73473CB9B4B9735F8EB7 /* Frameworks */,
			);
			sourceTree = "<group>";
		};
		2D3C63D02A450E9B008CEB30 /* Products */ = {
			isa = PBXGroup;
			children = (
				2D3C63CF2A450E9B008CEB30 /* GitHubExplorer.app */,
			);
			name = Products;
			sourceTree = "<group>";
		};
		2D3C63D12A450E9B008CEB30 /* GitHubExplorer */ = {
			isa = PBXGroup;
			children = (
				2D3C63F82A454824008CEB30 /* Sources */,
				2D3C63F72A45395B008CEB30 /* SupportFiles */,
				2D3C63E02A450E9D008CEB30 /* Info.plist */,
				2D3C63DB2A450E9D008CEB30 /* Assets.xcassets */,
			);
			path = GitHubExplorer;
			sourceTree = "<group>";
		};
		2D3C63F72A45395B008CEB30 /* SupportFiles */ = {
			isa = PBXGroup;
			children = (
				2DAAD2A62A45B8D80077A45E /* CoreComponents */,
				2D3C63D42A450E9B008CEB30 /* SceneDelegate.swift */,
				2D3C63D22A450E9B008CEB30 /* AppDelegate.swift */,
			);
			path = SupportFiles;
			sourceTree = "<group>";
		};
		2D3C63F82A454824008CEB30 /* Sources */ = {
			isa = PBXGroup;
			children = (
				2DAAD2E92A45D0080077A45E /* Presentation */,
				2DAAD2E22A45C7820077A45E /* Domain */,
				2D3C63F92A454881008CEB30 /* Data */,
				2DAAD2A22A45B63D0077A45E /* Infrastructure */,
			);
			path = Sources;
			sourceTree = "<group>";
		};
		2D3C63F92A454881008CEB30 /* Data */ = {
			isa = PBXGroup;
			children = (
				2D3C63FA2A454887008CEB30 /* Model */,
				2DAAD2AC2A45BA750077A45E /* Operation */,
				2DAAD2DC2A45C41B0077A45E /* Manager */,
			);
			path = Data;
			sourceTree = "<group>";
		};
		2D3C63FA2A454887008CEB30 /* Model */ = {
			isa = PBXGroup;
			children = (
				2D3C63FB2A45488E008CEB30 /* Response */,
			);
			path = Model;
			sourceTree = "<group>";
		};
		2D3C63FB2A45488E008CEB30 /* Response */ = {
			isa = PBXGroup;
			children = (
				2D3C63FC2A4548A9008CEB30 /* GHEResponse.swift */,
				2DAAD2A02A45B3B90077A45E /* GHEListRepositoryResponse.swift */,
			);
			path = Response;
			sourceTree = "<group>";
		};
		2DAAD2A22A45B63D0077A45E /* Infrastructure */ = {
			isa = PBXGroup;
			children = (
				2DAAD2A32A45B65C0077A45E /* Constants */,
			);
			path = Infrastructure;
			sourceTree = "<group>";
		};
		2DAAD2A32A45B65C0077A45E /* Constants */ = {
			isa = PBXGroup;
			children = (
				2DAAD2A42A45B6880077A45E /* GHEConstants.swift */,
			);
			path = Constants;
			sourceTree = "<group>";
		};
		2DAAD2A62A45B8D80077A45E /* CoreComponents */ = {
			isa = PBXGroup;
			children = (
				2DAAD2F32A45D8710077A45E /* LoadingView */,
				2DAAD2F02A45D2DD0077A45E /* HeaderView */,
				2DAAD2A72A45B8E70077A45E /* Helpers */,
			);
			path = CoreComponents;
			sourceTree = "<group>";
		};
		2DAAD2A72A45B8E70077A45E /* Helpers */ = {
			isa = PBXGroup;
			children = (
				2DAAD2D22A45C0CF0077A45E /* Extensions */,
			);
			path = Helpers;
			sourceTree = "<group>";
		};
		2DAAD2AC2A45BA750077A45E /* Operation */ = {
			isa = PBXGroup;
			children = (
				2DAAD2AD2A45BA920077A45E /* GHEOperation.swift */,
			);
			path = Operation;
			sourceTree = "<group>";
		};
		2DAAD2D22A45C0CF0077A45E /* Extensions */ = {
			isa = PBXGroup;
			children = (
				2DAAD2AA2A45B98A0077A45E /* UIViewConstraints.swift */,
				2DAAD2F62A45DA5B0077A45E /* UIViewAnimations.swift */,
			);
			path = Extensions;
			sourceTree = "<group>";
		};
		2DAAD2DC2A45C41B0077A45E /* Manager */ = {
			isa = PBXGroup;
			children = (
				2DAAD2DD2A45C45B0077A45E /* GHEManager.swift */,
			);
			path = Manager;
			sourceTree = "<group>";
		};
		2DAAD2E22A45C7820077A45E /* Domain */ = {
			isa = PBXGroup;
			children = (
				2DAAD2E42A45C7BD0077A45E /* ViewModel */,
				2DAAD2E32A45C7A90077A45E /* Bussines */,
			);
			path = Domain;
			sourceTree = "<group>";
		};
		2DAAD2E32A45C7A90077A45E /* Bussines */ = {
			isa = PBXGroup;
			children = (
				2DAAD2E52A45C7C60077A45E /* GHEBusiness.swift */,
			);
			path = Bussines;
			sourceTree = "<group>";
		};
		2DAAD2E42A45C7BD0077A45E /* ViewModel */ = {
			isa = PBXGroup;
			children = (
				2DAAD2E72A45CA7D0077A45E /* GHEViewModel.swift */,
			);
			path = ViewModel;
			sourceTree = "<group>";
		};
		2DAAD2E92A45D0080077A45E /* Presentation */ = {
			isa = PBXGroup;
			children = (
				2DAAD2EB2A45D01E0077A45E /* Cordinator */,
				2DAAD2EA2A45D0110077A45E /* Controllers */,
			);
			path = Presentation;
			sourceTree = "<group>";
		};
		2DAAD2EA2A45D0110077A45E /* Controllers */ = {
			isa = PBXGroup;
			children = (
				2D3C63D62A450E9B008CEB30 /* GHEViewController.swift */,
				2DAAD2EE2A45D1F20077A45E /* GHEWelcomeViewController.swift */,
			);
			path = Controllers;
			sourceTree = "<group>";
		};
		2DAAD2EB2A45D01E0077A45E /* Cordinator */ = {
			isa = PBXGroup;
			children = (
				2DAAD2EC2A45D0420077A45E /* GHECordinator.swift */,
			);
			path = Cordinator;
			sourceTree = "<group>";
		};
		2DAAD2F02A45D2DD0077A45E /* HeaderView */ = {
			isa = PBXGroup;
			children = (
				2DAAD2F12A45D2ED0077A45E /* HeaderView.swift */,
			);
			path = HeaderView;
			sourceTree = "<group>";
		};
		2DAAD2F32A45D8710077A45E /* LoadingView */ = {
			isa = PBXGroup;
			children = (
				2DAAD2F42A45D8800077A45E /* LoadingView.swift */,
			);
			path = LoadingView;
			sourceTree = "<group>";
		};
		3C0C73473CB9B4B9735F8EB7 /* Frameworks */ = {
			isa = PBXGroup;
			children = (
				2D8B628C303E566C2EA76BE1 /* Pods_GitHubExplorer.framework */,
			);
			name = Frameworks;
			sourceTree = "<group>";
		};
		7837BF97A7EE04B435D14C15 /* Pods */ = {
			isa = PBXGroup;
			children = (
				225A8214F70AEBACF3DC06DF /* Pods-GitHubExplorer.debug.xcconfig */,
				7D5A1AE59F42EE492AA1A40F /* Pods-GitHubExplorer.release.xcconfig */,
			);
			path = Pods;
			sourceTree = "<group>";
		};
/* End PBXGroup section */

/* Begin PBXNativeTarget section */
		2D3C63CE2A450E9B008CEB30 /* GitHubExplorer */ = {
			isa = PBXNativeTarget;
			buildConfigurationList = 2D3C63E32A450E9D008CEB30 /* Build configuration list for PBXNativeTarget "GitHubExplorer" */;
			buildPhases = (
				62B059B445EA9AB2F56907ED /* [CP] Check Pods Manifest.lock */,
				2D3C63CB2A450E9B008CEB30 /* Sources */,
				2D3C63CC2A450E9B008CEB30 /* Frameworks */,
				2D3C63CD2A450E9B008CEB30 /* Resources */,
				61E421140C6077714398894E /* [CP] Embed Pods Frameworks */,
				2D3C63F42A4534CC008CEB30 /* SwiftLint */,
			);
			buildRules = (
			);
			dependencies = (
			);
			name = GitHubExplorer;
			packageProductDependencies = (
				2DAAD2FC2A4609700077A45E /* CoreSwift */,
			);
			productName = GitHubExplorer;
			productReference = 2D3C63CF2A450E9B008CEB30 /* GitHubExplorer.app */;
			productType = "com.apple.product-type.application";
		};
/* End PBXNativeTarget section */

/* Begin PBXProject section */
		2D3C63C72A450E9B008CEB30 /* Project object */ = {
			isa = PBXProject;
			attributes = {
				BuildIndependentTargetsInParallel = 1;
				CLASSPREFIX = GHE;
				LastSwiftUpdateCheck = 1430;
				LastUpgradeCheck = 1430;
				ORGANIZATIONNAME = GitHubExplorer;
				TargetAttributes = {
					2D3C63CE2A450E9B008CEB30 = {
						CreatedOnToolsVersion = 14.3;
					};
				};
			};
			buildConfigurationList = 2D3C63CA2A450E9B008CEB30 /* Build configuration list for PBXProject "GitHubExplorer" */;
			compatibilityVersion = "Xcode 14.0";
			developmentRegion = en;
			hasScannedForEncodings = 0;
			knownRegions = (
				en,
				Base,
			);
			mainGroup = 2D3C63C62A450E9B008CEB30;
			packageReferences = (
				2DAAD2FB2A4609700077A45E /* XCRemoteSwiftPackageReference "CoreSwift" */,
			);
			productRefGroup = 2D3C63D02A450E9B008CEB30 /* Products */;
			projectDirPath = "";
			projectRoot = "";
			targets = (
				2D3C63CE2A450E9B008CEB30 /* GitHubExplorer */,
			);
		};
/* End PBXProject section */

/* Begin PBXResourcesBuildPhase section */
		2D3C63CD2A450E9B008CEB30 /* Resources */ = {
			isa = PBXResourcesBuildPhase;
			buildActionMask = 2147483647;
			files = (
				2D3C63DC2A450E9D008CEB30 /* Assets.xcassets in Resources */,
			);
			runOnlyForDeploymentPostprocessing = 0;
		};
/* End PBXResourcesBuildPhase section */

/* Begin PBXShellScriptBuildPhase section */
		2D3C63F42A4534CC008CEB30 /* SwiftLint */ = {
			isa = PBXShellScriptBuildPhase;
			buildActionMask = 12;
			files = (
			);
			inputFileListPaths = (
			);
			inputPaths = (
			);
			name = SwiftLint;
			outputFileListPaths = (
			);
			outputPaths = (
			);
			runOnlyForDeploymentPostprocessing = 0;
			shellPath = /bin/sh;
			shellScript = "\"${PODS_ROOT}/SwiftLint/swiftlint\"\n";
		};
		61E421140C6077714398894E /* [CP] Embed Pods Frameworks */ = {
			isa = PBXShellScriptBuildPhase;
			buildActionMask = 2147483647;
			files = (
			);
			inputFileListPaths = (
			);
			name = "[CP] Embed Pods Frameworks";
			outputFileListPaths = (
			);
			runOnlyForDeploymentPostprocessing = 0;
			shellPath = /bin/sh;
			shellScript = "\"${PODS_ROOT}/Target Support Files/Pods-GitHubExplorer/Pods-GitHubExplorer-frameworks.sh\"\n";
			showEnvVarsInLog = 0;
		};
		62B059B445EA9AB2F56907ED /* [CP] Check Pods Manifest.lock */ = {
			isa = PBXShellScriptBuildPhase;
			buildActionMask = 2147483647;
			files = (
			);
			inputFileListPaths = (
			);
			inputPaths = (
				"${PODS_PODFILE_DIR_PATH}/Podfile.lock",
				"${PODS_ROOT}/Manifest.lock",
			);
			name = "[CP] Check Pods Manifest.lock";
			outputFileListPaths = (
			);
			outputPaths = (
				"$(DERIVED_FILE_DIR)/Pods-GitHubExplorer-checkManifestLockResult.txt",
			);
			runOnlyForDeploymentPostprocessing = 0;
			shellPath = /bin/sh;
			shellScript = "diff \"${PODS_PODFILE_DIR_PATH}/Podfile.lock\" \"${PODS_ROOT}/Manifest.lock\" > /dev/null\nif [ $? != 0 ] ; then\n    # print error to STDERR\n    echo \"error: The sandbox is not in sync with the Podfile.lock. Run 'pod install' or update your CocoaPods installation.\" >&2\n    exit 1\nfi\n# This output is used by Xcode 'outputs' to avoid re-running this script phase.\necho \"SUCCESS\" > \"${SCRIPT_OUTPUT_FILE_0}\"\n";
			showEnvVarsInLog = 0;
		};
/* End PBXShellScriptBuildPhase section */

/* Begin PBXSourcesBuildPhase section */
		2D3C63CB2A450E9B008CEB30 /* Sources */ = {
			isa = PBXSourcesBuildPhase;
			buildActionMask = 2147483647;
			files = (
				2D3C63D72A450E9B008CEB30 /* GHEViewController.swift in Sources */,
				2DAAD2A12A45B3B90077A45E /* GHEListRepositoryResponse.swift in Sources */,
				2D3C63D32A450E9B008CEB30 /* AppDelegate.swift in Sources */,
				2DAAD2F22A45D2ED0077A45E /* HeaderView.swift in Sources */,
				2DAAD2DE2A45C45B0077A45E /* GHEManager.swift in Sources */,
				2DAAD2AB2A45B98A0077A45E /* UIViewConstraints.swift in Sources */,
				2D3C63D52A450E9B008CEB30 /* SceneDelegate.swift in Sources */,
				2DAAD2ED2A45D0420077A45E /* GHECordinator.swift in Sources */,
				2DAAD2F72A45DA5B0077A45E /* UIViewAnimations.swift in Sources */,
				2DAAD2F52A45D8800077A45E /* LoadingView.swift in Sources */,
				2DAAD2A52A45B6880077A45E /* GHEConstants.swift in Sources */,
				2DAAD2AE2A45BA920077A45E /* GHEOperation.swift in Sources */,
				2DAAD2EF2A45D1F20077A45E /* GHEWelcomeViewController.swift in Sources */,
				2DAAD2E62A45C7C60077A45E /* GHEBusiness.swift in Sources */,
				2D3C63FD2A4548A9008CEB30 /* GHEResponse.swift in Sources */,
				2DAAD2E82A45CA7D0077A45E /* GHEViewModel.swift in Sources */,
			);
			runOnlyForDeploymentPostprocessing = 0;
		};
/* End PBXSourcesBuildPhase section */

/* Begin XCBuildConfiguration section */
		2D3C63E12A450E9D008CEB30 /* Debug */ = {
			isa = XCBuildConfiguration;
			buildSettings = {
				ALWAYS_SEARCH_USER_PATHS = NO;
				CLANG_ANALYZER_NONNULL = YES;
				CLANG_ANALYZER_NUMBER_OBJECT_CONVERSION = YES_AGGRESSIVE;
				CLANG_CXX_LANGUAGE_STANDARD = "gnu++20";
				CLANG_ENABLE_MODULES = YES;
				CLANG_ENABLE_OBJC_ARC = YES;
				CLANG_ENABLE_OBJC_WEAK = YES;
				CLANG_WARN_BLOCK_CAPTURE_AUTORELEASING = YES;
				CLANG_WARN_BOOL_CONVERSION = YES;
				CLANG_WARN_COMMA = YES;
				CLANG_WARN_CONSTANT_CONVERSION = YES;
				CLANG_WARN_DEPRECATED_OBJC_IMPLEMENTATIONS = YES;
				CLANG_WARN_DIRECT_OBJC_ISA_USAGE = YES_ERROR;
				CLANG_WARN_DOCUMENTATION_COMMENTS = YES;
				CLANG_WARN_EMPTY_BODY = YES;
				CLANG_WARN_ENUM_CONVERSION = YES;
				CLANG_WARN_INFINITE_RECURSION = YES;
				CLANG_WARN_INT_CONVERSION = YES;
				CLANG_WARN_NON_LITERAL_NULL_CONVERSION = YES;
				CLANG_WARN_OBJC_IMPLICIT_RETAIN_SELF = YES;
				CLANG_WARN_OBJC_LITERAL_CONVERSION = YES;
				CLANG_WARN_OBJC_ROOT_CLASS = YES_ERROR;
				CLANG_WARN_QUOTED_INCLUDE_IN_FRAMEWORK_HEADER = YES;
				CLANG_WARN_RANGE_LOOP_ANALYSIS = YES;
				CLANG_WARN_STRICT_PROTOTYPES = YES;
				CLANG_WARN_SUSPICIOUS_MOVE = YES;
				CLANG_WARN_UNGUARDED_AVAILABILITY = YES_AGGRESSIVE;
				CLANG_WARN_UNREACHABLE_CODE = YES;
				CLANG_WARN__DUPLICATE_METHOD_MATCH = YES;
				COPY_PHASE_STRIP = NO;
				DEBUG_INFORMATION_FORMAT = dwarf;
				ENABLE_STRICT_OBJC_MSGSEND = YES;
				ENABLE_TESTABILITY = YES;
				GCC_C_LANGUAGE_STANDARD = gnu11;
				GCC_DYNAMIC_NO_PIC = NO;
				GCC_NO_COMMON_BLOCKS = YES;
				GCC_OPTIMIZATION_LEVEL = 0;
				GCC_PREPROCESSOR_DEFINITIONS = (
					"DEBUG=1",
					"$(inherited)",
				);
				GCC_WARN_64_TO_32_BIT_CONVERSION = YES;
				GCC_WARN_ABOUT_RETURN_TYPE = YES_ERROR;
				GCC_WARN_UNDECLARED_SELECTOR = YES;
				GCC_WARN_UNINITIALIZED_AUTOS = YES_AGGRESSIVE;
				GCC_WARN_UNUSED_FUNCTION = YES;
				GCC_WARN_UNUSED_VARIABLE = YES;
				IPHONEOS_DEPLOYMENT_TARGET = 16.4;
				MTL_ENABLE_DEBUG_INFO = INCLUDE_SOURCE;
				MTL_FAST_MATH = YES;
				ONLY_ACTIVE_ARCH = YES;
				SDKROOT = iphoneos;
				SWIFT_ACTIVE_COMPILATION_CONDITIONS = DEBUG;
				SWIFT_OPTIMIZATION_LEVEL = "-Onone";
			};
			name = Debug;
		};
		2D3C63E22A450E9D008CEB30 /* Release */ = {
			isa = XCBuildConfiguration;
			buildSettings = {
				ALWAYS_SEARCH_USER_PATHS = NO;
				CLANG_ANALYZER_NONNULL = YES;
				CLANG_ANALYZER_NUMBER_OBJECT_CONVERSION = YES_AGGRESSIVE;
				CLANG_CXX_LANGUAGE_STANDARD = "gnu++20";
				CLANG_ENABLE_MODULES = YES;
				CLANG_ENABLE_OBJC_ARC = YES;
				CLANG_ENABLE_OBJC_WEAK = YES;
				CLANG_WARN_BLOCK_CAPTURE_AUTORELEASING = YES;
				CLANG_WARN_BOOL_CONVERSION = YES;
				CLANG_WARN_COMMA = YES;
				CLANG_WARN_CONSTANT_CONVERSION = YES;
				CLANG_WARN_DEPRECATED_OBJC_IMPLEMENTATIONS = YES;
				CLANG_WARN_DIRECT_OBJC_ISA_USAGE = YES_ERROR;
				CLANG_WARN_DOCUMENTATION_COMMENTS = YES;
				CLANG_WARN_EMPTY_BODY = YES;
				CLANG_WARN_ENUM_CONVERSION = YES;
				CLANG_WARN_INFINITE_RECURSION = YES;
				CLANG_WARN_INT_CONVERSION = YES;
				CLANG_WARN_NON_LITERAL_NULL_CONVERSION = YES;
				CLANG_WARN_OBJC_IMPLICIT_RETAIN_SELF = YES;
				CLANG_WARN_OBJC_LITERAL_CONVERSION = YES;
				CLANG_WARN_OBJC_ROOT_CLASS = YES_ERROR;
				CLANG_WARN_QUOTED_INCLUDE_IN_FRAMEWORK_HEADER = YES;
				CLANG_WARN_RANGE_LOOP_ANALYSIS = YES;
				CLANG_WARN_STRICT_PROTOTYPES = YES;
				CLANG_WARN_SUSPICIOUS_MOVE = YES;
				CLANG_WARN_UNGUARDED_AVAILABILITY = YES_AGGRESSIVE;
				CLANG_WARN_UNREACHABLE_CODE = YES;
				CLANG_WARN__DUPLICATE_METHOD_MATCH = YES;
				COPY_PHASE_STRIP = NO;
				DEBUG_INFORMATION_FORMAT = "dwarf-with-dsym";
				ENABLE_NS_ASSERTIONS = NO;
				ENABLE_STRICT_OBJC_MSGSEND = YES;
				GCC_C_LANGUAGE_STANDARD = gnu11;
				GCC_NO_COMMON_BLOCKS = YES;
				GCC_WARN_64_TO_32_BIT_CONVERSION = YES;
				GCC_WARN_ABOUT_RETURN_TYPE = YES_ERROR;
				GCC_WARN_UNDECLARED_SELECTOR = YES;
				GCC_WARN_UNINITIALIZED_AUTOS = YES_AGGRESSIVE;
				GCC_WARN_UNUSED_FUNCTION = YES;
				GCC_WARN_UNUSED_VARIABLE = YES;
				IPHONEOS_DEPLOYMENT_TARGET = 16.4;
				MTL_ENABLE_DEBUG_INFO = NO;
				MTL_FAST_MATH = YES;
				SDKROOT = iphoneos;
				SWIFT_COMPILATION_MODE = wholemodule;
				SWIFT_OPTIMIZATION_LEVEL = "-O";
				VALIDATE_PRODUCT = YES;
			};
			name = Release;
		};
		2D3C63E42A450E9D008CEB30 /* Debug */ = {
			isa = XCBuildConfiguration;
			baseConfigurationReference = 225A8214F70AEBACF3DC06DF /* Pods-GitHubExplorer.debug.xcconfig */;
			buildSettings = {
				ASSETCATALOG_COMPILER_APPICON_NAME = AppIcon;
				ASSETCATALOG_COMPILER_GLOBAL_ACCENT_COLOR_NAME = AccentColor;
				CODE_SIGN_STYLE = Automatic;
				CURRENT_PROJECT_VERSION = 1;
				DEVELOPMENT_TEAM = FSL95G7M8V;
				GENERATE_INFOPLIST_FILE = YES;
				INFOPLIST_FILE = GitHubExplorer/Info.plist;
				INFOPLIST_KEY_UIApplicationSupportsIndirectInputEvents = YES;
				INFOPLIST_KEY_UILaunchStoryboardName = LaunchScreen;
				INFOPLIST_KEY_UISupportedInterfaceOrientations_iPad = "UIInterfaceOrientationPortrait UIInterfaceOrientationPortraitUpsideDown UIInterfaceOrientationLandscapeLeft UIInterfaceOrientationLandscapeRight";
				INFOPLIST_KEY_UISupportedInterfaceOrientations_iPhone = "UIInterfaceOrientationPortrait UIInterfaceOrientationLandscapeLeft UIInterfaceOrientationLandscapeRight";
				LD_RUNPATH_SEARCH_PATHS = (
					"$(inherited)",
					"@executable_path/Frameworks",
				);
				MARKETING_VERSION = 1.0;
				PRODUCT_BUNDLE_IDENTIFIER = danilocarlosribeiro.GitHubExplorer;
				PRODUCT_NAME = "$(TARGET_NAME)";
				SERVER_URL = "https://api.github.com/";
				SWIFT_EMIT_LOC_STRINGS = YES;
				SWIFT_VERSION = 5.0;
				TARGETED_DEVICE_FAMILY = "1,2";
			};
			name = Debug;
		};
		2D3C63E52A450E9D008CEB30 /* Release */ = {
			isa = XCBuildConfiguration;
			baseConfigurationReference = 7D5A1AE59F42EE492AA1A40F /* Pods-GitHubExplorer.release.xcconfig */;
			buildSettings = {
				ASSETCATALOG_COMPILER_APPICON_NAME = AppIcon;
				ASSETCATALOG_COMPILER_GLOBAL_ACCENT_COLOR_NAME = AccentColor;
				CODE_SIGN_STYLE = Automatic;
				CURRENT_PROJECT_VERSION = 1;
				DEVELOPMENT_TEAM = FSL95G7M8V;
				GENERATE_INFOPLIST_FILE = YES;
				INFOPLIST_FILE = GitHubExplorer/Info.plist;
				INFOPLIST_KEY_UIApplicationSupportsIndirectInputEvents = YES;
				INFOPLIST_KEY_UILaunchStoryboardName = LaunchScreen;
				INFOPLIST_KEY_UISupportedInterfaceOrientations_iPad = "UIInterfaceOrientationPortrait UIInterfaceOrientationPortraitUpsideDown UIInterfaceOrientationLandscapeLeft UIInterfaceOrientationLandscapeRight";
				INFOPLIST_KEY_UISupportedInterfaceOrientations_iPhone = "UIInterfaceOrientationPortrait UIInterfaceOrientationLandscapeLeft UIInterfaceOrientationLandscapeRight";
				LD_RUNPATH_SEARCH_PATHS = (
					"$(inherited)",
					"@executable_path/Frameworks",
				);
				MARKETING_VERSION = 1.0;
				PRODUCT_BUNDLE_IDENTIFIER = danilocarlosribeiro.GitHubExplorer;
				PRODUCT_NAME = "$(TARGET_NAME)";
				SERVER_URL = "https://api.github.com/";
				SWIFT_EMIT_LOC_STRINGS = YES;
				SWIFT_VERSION = 5.0;
				TARGETED_DEVICE_FAMILY = "1,2";
			};
			name = Release;
		};
/* End XCBuildConfiguration section */

/* Begin XCConfigurationList section */
		2D3C63CA2A450E9B008CEB30 /* Build configuration list for PBXProject "GitHubExplorer" */ = {
			isa = XCConfigurationList;
			buildConfigurations = (
				2D3C63E12A450E9D008CEB30 /* Debug */,
				2D3C63E22A450E9D008CEB30 /* Release */,
			);
			defaultConfigurationIsVisible = 0;
			defaultConfigurationName = Release;
		};
		2D3C63E32A450E9D008CEB30 /* Build configuration list for PBXNativeTarget "GitHubExplorer" */ = {
			isa = XCConfigurationList;
			buildConfigurations = (
				2D3C63E42A450E9D008CEB30 /* Debug */,
				2D3C63E52A450E9D008CEB30 /* Release */,
			);
			defaultConfigurationIsVisible = 0;
			defaultConfigurationName = Release;
		};
/* End XCConfigurationList section */

/* Begin XCRemoteSwiftPackageReference section */
		2DAAD2FB2A4609700077A45E /* XCRemoteSwiftPackageReference "CoreSwift" */ = {
			isa = XCRemoteSwiftPackageReference;
			repositoryURL = "https://github.com/andrecampopiano/CoreSwift";
			requirement = {
				kind = upToNextMajorVersion;
				minimumVersion = 1.0.0;
			};
		};
/* End XCRemoteSwiftPackageReference section */

/* Begin XCSwiftPackageProductDependency section */
		2DAAD2FC2A4609700077A45E /* CoreSwift */ = {
			isa = XCSwiftPackageProductDependency;
			package = 2DAAD2FB2A4609700077A45E /* XCRemoteSwiftPackageReference "CoreSwift" */;
			productName = CoreSwift;
		};
/* End XCSwiftPackageProductDependency section */
	};
	rootObject = 2D3C63C72A450E9B008CEB30 /* Project object */;
}
