// !$*UTF8*$!
{
	archiveVersion = 1;
	classes = {
	};
	objectVersion = 56;
	objects = {

/* Begin PBXBuildFile section */
		2D3C63D32A450E9B008CEB30 /* AppDelegate.swift in Sources */ = {isa = PBXBuildFile; fileRef = 2D3C63D22A450E9B008CEB30 /* AppDelegate.swift */; };
		2D3C63D52A450E9B008CEB30 /* SceneDelegate.swift in Sources */ = {isa = PBXBuildFile; fileRef = 2D3C63D42A450E9B008CEB30 /* SceneDelegate.swift */; };
		2D3C63D72A450E9B008CEB30 /* GHEListUsersViewController.swift in Sources */ = {isa = PBXBuildFile; fileRef = 2D3C63D62A450E9B008CEB30 /* GHEListUsersViewController.swift */; };
		2D3C63DC2A450E9D008CEB30 /* Assets.xcassets in Resources */ = {isa = PBXBuildFile; fileRef = 2D3C63DB2A450E9D008CEB30 /* Assets.xcassets */; };
		2D3C63FD2A4548A9008CEB30 /* GHEUserResponse.swift in Sources */ = {isa = PBXBuildFile; fileRef = 2D3C63FC2A4548A9008CEB30 /* GHEUserResponse.swift */; };
		2D94FD502A48DF1500BF6E3F /* GHEUserMoreInfoOperation.swift in Sources */ = {isa = PBXBuildFile; fileRef = 2D94FD4F2A48DF1500BF6E3F /* GHEUserMoreInfoOperation.swift */; };
		2DAAD2A12A45B3B90077A45E /* GHEListRepositoryResponse.swift in Sources */ = {isa = PBXBuildFile; fileRef = 2DAAD2A02A45B3B90077A45E /* GHEListRepositoryResponse.swift */; };
		2DAAD2A52A45B6880077A45E /* GHEConstants.swift in Sources */ = {isa = PBXBuildFile; fileRef = 2DAAD2A42A45B6880077A45E /* GHEConstants.swift */; };
		2DAAD2AB2A45B98A0077A45E /* UIViewConstraints.swift in Sources */ = {isa = PBXBuildFile; fileRef = 2DAAD2AA2A45B98A0077A45E /* UIViewConstraints.swift */; };
		2DAAD2AE2A45BA920077A45E /* GHEListUsersOperation.swift in Sources */ = {isa = PBXBuildFile; fileRef = 2DAAD2AD2A45BA920077A45E /* GHEListUsersOperation.swift */; };
		2DAAD2DE2A45C45B0077A45E /* GHEListUserManager.swift in Sources */ = {isa = PBXBuildFile; fileRef = 2DAAD2DD2A45C45B0077A45E /* GHEListUserManager.swift */; };
		2DAAD2E62A45C7C60077A45E /* GHEListUsersBusiness.swift in Sources */ = {isa = PBXBuildFile; fileRef = 2DAAD2E52A45C7C60077A45E /* GHEListUsersBusiness.swift */; };
		2DAAD2E82A45CA7D0077A45E /* GHEListUsersViewModel.swift in Sources */ = {isa = PBXBuildFile; fileRef = 2DAAD2E72A45CA7D0077A45E /* GHEListUsersViewModel.swift */; };
		2DAAD2ED2A45D0420077A45E /* GHEListUserCordinator.swift in Sources */ = {isa = PBXBuildFile; fileRef = 2DAAD2EC2A45D0420077A45E /* GHEListUserCordinator.swift */; };
		2DAAD2EF2A45D1F20077A45E /* GHEWelcomeViewController.swift in Sources */ = {isa = PBXBuildFile; fileRef = 2DAAD2EE2A45D1F20077A45E /* GHEWelcomeViewController.swift */; };
		2DAAD2F22A45D2ED0077A45E /* HeaderView.swift in Sources */ = {isa = PBXBuildFile; fileRef = 2DAAD2F12A45D2ED0077A45E /* HeaderView.swift */; };
		2DAAD2F52A45D8800077A45E /* LoadingView.swift in Sources */ = {isa = PBXBuildFile; fileRef = 2DAAD2F42A45D8800077A45E /* LoadingView.swift */; };
		2DAAD2F72A45DA5B0077A45E /* UIViewAnimations.swift in Sources */ = {isa = PBXBuildFile; fileRef = 2DAAD2F62A45DA5B0077A45E /* UIViewAnimations.swift */; };
		2DAAD2FD2A4609700077A45E /* CoreSwift in Frameworks */ = {isa = PBXBuildFile; productRef = 2DAAD2FC2A4609700077A45E /* CoreSwift */; };
		2DAAD3002A4614A80077A45E /* GHEProfileCell.swift in Sources */ = {isa = PBXBuildFile; fileRef = 2DAAD2FF2A4614A80077A45E /* GHEProfileCell.swift */; };
		2DAAD3032A461A5B0077A45E /* BaseViewController.swift in Sources */ = {isa = PBXBuildFile; fileRef = 2DAAD3022A461A5B0077A45E /* BaseViewController.swift */; };
		2DAAD3052A4631C90077A45E /* GHEUserProfileCordinator.swift in Sources */ = {isa = PBXBuildFile; fileRef = 2DAAD3042A4631C90077A45E /* GHEUserProfileCordinator.swift */; };
		2DAAD3072A4632DA0077A45E /* GHEUserProfileViewModel.swift in Sources */ = {isa = PBXBuildFile; fileRef = 2DAAD3062A4632DA0077A45E /* GHEUserProfileViewModel.swift */; };
		2DAAD3092A4634650077A45E /* GHEUserProfileViewController.swift in Sources */ = {isa = PBXBuildFile; fileRef = 2DAAD3082A4634650077A45E /* GHEUserProfileViewController.swift */; };
		2DAAD31B2A46EF990077A45E /* GHERepositoryCell.swift in Sources */ = {isa = PBXBuildFile; fileRef = 2DAAD31A2A46EF990077A45E /* GHERepositoryCell.swift */; };
		2DAAD31F2A46F4030077A45E /* GHEListRepositorysOperation.swift in Sources */ = {isa = PBXBuildFile; fileRef = 2DAAD31E2A46F4030077A45E /* GHEListRepositorysOperation.swift */; };
		2DAAD3212A46F5180077A45E /* GHEUserProfileBussines.swift in Sources */ = {isa = PBXBuildFile; fileRef = 2DAAD3202A46F5180077A45E /* GHEUserProfileBussines.swift */; };
		2DAAD3242A46F8670077A45E /* GHEUserProfileManager.swift in Sources */ = {isa = PBXBuildFile; fileRef = 2DAAD3232A46F8670077A45E /* GHEUserProfileManager.swift */; };
		2DAAD3262A470DEB0077A45E /* DateFormater.swift in Sources */ = {isa = PBXBuildFile; fileRef = 2DAAD3252A470DEB0077A45E /* DateFormater.swift */; };
		2DAAD3362A471A760077A45E /* BottomSheetViewController.swift in Sources */ = {isa = PBXBuildFile; fileRef = 2DAAD3332A4718720077A45E /* BottomSheetViewController.swift */; };
		2DAAD3372A471A7E0077A45E /* BottomSheetView.swift in Sources */ = {isa = PBXBuildFile; fileRef = 2DAAD3352A4718720077A45E /* BottomSheetView.swift */; };
		2DAAD3382A471A800077A45E /* BottomSheetViewModel.swift in Sources */ = {isa = PBXBuildFile; fileRef = 2DAAD3302A47186F0077A45E /* BottomSheetViewModel.swift */; };
		2DAAD3392A471A830077A45E /* BottomSheetModel.swift in Sources */ = {isa = PBXBuildFile; fileRef = 2DAAD32D2A4718690077A45E /* BottomSheetModel.swift */; };
		2DAAD33B2A471CAC0077A45E /* UILabel.swift in Sources */ = {isa = PBXBuildFile; fileRef = 2DAAD33A2A471CAC0077A45E /* UILabel.swift */; };
		2DAAD34D2A4733390077A45E /* GitHubExplorerTests.swift in Sources */ = {isa = PBXBuildFile; fileRef = 2DAAD34C2A4733390077A45E /* GitHubExplorerTests.swift */; };
		2DAAD3532A47335B0077A45E /* GHEListUsersViewModelTests.swift in Sources */ = {isa = PBXBuildFile; fileRef = 2DAAD3442A4731FF0077A45E /* GHEListUsersViewModelTests.swift */; };
		2DAAD35B2A4738620077A45E /* GHEUserProfileViewModelTests.swift in Sources */ = {isa = PBXBuildFile; fileRef = 2DAAD35A2A4738620077A45E /* GHEUserProfileViewModelTests.swift */; };
		2DAAD35F2A48863A0077A45E /* GHEUserProfileManagerMock.swift in Sources */ = {isa = PBXBuildFile; fileRef = 2DAAD35E2A48863A0077A45E /* GHEUserProfileManagerMock.swift */; };
		2DAAD3632A48875F0077A45E /* GHEListUserManagerMock.swift in Sources */ = {isa = PBXBuildFile; fileRef = 2DAAD3622A48875F0077A45E /* GHEListUserManagerMock.swift */; };
		2DAAD3652A488FF00077A45E /* StringProtocol.swift in Sources */ = {isa = PBXBuildFile; fileRef = 2DAAD3642A488FF00077A45E /* StringProtocol.swift */; };
		B0EFC0EA25D397CD457E05F6 /* Pods_GitHubExplorer.framework in Frameworks */ = {isa = PBXBuildFile; fileRef = 2D8B628C303E566C2EA76BE1 /* Pods_GitHubExplorer.framework */; };
/* End PBXBuildFile section */

/* Begin PBXContainerItemProxy section */
		2DAAD34E2A4733390077A45E /* PBXContainerItemProxy */ = {
			isa = PBXContainerItemProxy;
			containerPortal = 2D3C63C72A450E9B008CEB30 /* Project object */;
			proxyType = 1;
			remoteGlobalIDString = 2D3C63CE2A450E9B008CEB30;
			remoteInfo = GitHubExplorer;
		};
/* End PBXContainerItemProxy section */

/* Begin PBXFileReference section */
		225A8214F70AEBACF3DC06DF /* Pods-GitHubExplorer.debug.xcconfig */ = {isa = PBXFileReference; includeInIndex = 1; lastKnownFileType = text.xcconfig; name = "Pods-GitHubExplorer.debug.xcconfig"; path = "Target Support Files/Pods-GitHubExplorer/Pods-GitHubExplorer.debug.xcconfig"; sourceTree = "<group>"; };
		2D3C63CF2A450E9B008CEB30 /* GitHubExplorer.app */ = {isa = PBXFileReference; explicitFileType = wrapper.application; includeInIndex = 0; path = GitHubExplorer.app; sourceTree = BUILT_PRODUCTS_DIR; };
		2D3C63D22A450E9B008CEB30 /* AppDelegate.swift */ = {isa = PBXFileReference; lastKnownFileType = sourcecode.swift; path = AppDelegate.swift; sourceTree = "<group>"; };
		2D3C63D42A450E9B008CEB30 /* SceneDelegate.swift */ = {isa = PBXFileReference; lastKnownFileType = sourcecode.swift; path = SceneDelegate.swift; sourceTree = "<group>"; };
		2D3C63D62A450E9B008CEB30 /* GHEListUsersViewController.swift */ = {isa = PBXFileReference; lastKnownFileType = sourcecode.swift; path = GHEListUsersViewController.swift; sourceTree = "<group>"; };
		2D3C63DB2A450E9D008CEB30 /* Assets.xcassets */ = {isa = PBXFileReference; lastKnownFileType = folder.assetcatalog; path = Assets.xcassets; sourceTree = "<group>"; };
		2D3C63E02A450E9D008CEB30 /* Info.plist */ = {isa = PBXFileReference; lastKnownFileType = text.plist.xml; path = Info.plist; sourceTree = "<group>"; };
		2D3C63FC2A4548A9008CEB30 /* GHEUserResponse.swift */ = {isa = PBXFileReference; lastKnownFileType = sourcecode.swift; path = GHEUserResponse.swift; sourceTree = "<group>"; };
		2D8B628C303E566C2EA76BE1 /* Pods_GitHubExplorer.framework */ = {isa = PBXFileReference; explicitFileType = wrapper.framework; includeInIndex = 0; path = Pods_GitHubExplorer.framework; sourceTree = BUILT_PRODUCTS_DIR; };
		2D94FD4F2A48DF1500BF6E3F /* GHEUserMoreInfoOperation.swift */ = {isa = PBXFileReference; lastKnownFileType = sourcecode.swift; path = GHEUserMoreInfoOperation.swift; sourceTree = "<group>"; };
		2DAAD2A02A45B3B90077A45E /* GHEListRepositoryResponse.swift */ = {isa = PBXFileReference; lastKnownFileType = sourcecode.swift; path = GHEListRepositoryResponse.swift; sourceTree = "<group>"; };
		2DAAD2A42A45B6880077A45E /* GHEConstants.swift */ = {isa = PBXFileReference; lastKnownFileType = sourcecode.swift; path = GHEConstants.swift; sourceTree = "<group>"; };
		2DAAD2AA2A45B98A0077A45E /* UIViewConstraints.swift */ = {isa = PBXFileReference; lastKnownFileType = sourcecode.swift; path = UIViewConstraints.swift; sourceTree = "<group>"; };
		2DAAD2AD2A45BA920077A45E /* GHEListUsersOperation.swift */ = {isa = PBXFileReference; lastKnownFileType = sourcecode.swift; path = GHEListUsersOperation.swift; sourceTree = "<group>"; };
		2DAAD2DD2A45C45B0077A45E /* GHEListUserManager.swift */ = {isa = PBXFileReference; lastKnownFileType = sourcecode.swift; path = GHEListUserManager.swift; sourceTree = "<group>"; };
		2DAAD2E52A45C7C60077A45E /* GHEListUsersBusiness.swift */ = {isa = PBXFileReference; lastKnownFileType = sourcecode.swift; path = GHEListUsersBusiness.swift; sourceTree = "<group>"; };
		2DAAD2E72A45CA7D0077A45E /* GHEListUsersViewModel.swift */ = {isa = PBXFileReference; lastKnownFileType = sourcecode.swift; path = GHEListUsersViewModel.swift; sourceTree = "<group>"; };
		2DAAD2EC2A45D0420077A45E /* GHEListUserCordinator.swift */ = {isa = PBXFileReference; lastKnownFileType = sourcecode.swift; path = GHEListUserCordinator.swift; sourceTree = "<group>"; };
		2DAAD2EE2A45D1F20077A45E /* GHEWelcomeViewController.swift */ = {isa = PBXFileReference; lastKnownFileType = sourcecode.swift; path = GHEWelcomeViewController.swift; sourceTree = "<group>"; };
		2DAAD2F12A45D2ED0077A45E /* HeaderView.swift */ = {isa = PBXFileReference; lastKnownFileType = sourcecode.swift; path = HeaderView.swift; sourceTree = "<group>"; };
		2DAAD2F42A45D8800077A45E /* LoadingView.swift */ = {isa = PBXFileReference; lastKnownFileType = sourcecode.swift; path = LoadingView.swift; sourceTree = "<group>"; };
		2DAAD2F62A45DA5B0077A45E /* UIViewAnimations.swift */ = {isa = PBXFileReference; lastKnownFileType = sourcecode.swift; path = UIViewAnimations.swift; sourceTree = "<group>"; };
		2DAAD2FF2A4614A80077A45E /* GHEProfileCell.swift */ = {isa = PBXFileReference; lastKnownFileType = sourcecode.swift; path = GHEProfileCell.swift; sourceTree = "<group>"; };
		2DAAD3022A461A5B0077A45E /* BaseViewController.swift */ = {isa = PBXFileReference; lastKnownFileType = sourcecode.swift; path = BaseViewController.swift; sourceTree = "<group>"; };
		2DAAD3042A4631C90077A45E /* GHEUserProfileCordinator.swift */ = {isa = PBXFileReference; lastKnownFileType = sourcecode.swift; path = GHEUserProfileCordinator.swift; sourceTree = "<group>"; };
		2DAAD3062A4632DA0077A45E /* GHEUserProfileViewModel.swift */ = {isa = PBXFileReference; lastKnownFileType = sourcecode.swift; path = GHEUserProfileViewModel.swift; sourceTree = "<group>"; };
		2DAAD3082A4634650077A45E /* GHEUserProfileViewController.swift */ = {isa = PBXFileReference; lastKnownFileType = sourcecode.swift; path = GHEUserProfileViewController.swift; sourceTree = "<group>"; };
		2DAAD31A2A46EF990077A45E /* GHERepositoryCell.swift */ = {isa = PBXFileReference; lastKnownFileType = sourcecode.swift; path = GHERepositoryCell.swift; sourceTree = "<group>"; };
		2DAAD31E2A46F4030077A45E /* GHEListRepositorysOperation.swift */ = {isa = PBXFileReference; lastKnownFileType = sourcecode.swift; path = GHEListRepositorysOperation.swift; sourceTree = "<group>"; };
		2DAAD3202A46F5180077A45E /* GHEUserProfileBussines.swift */ = {isa = PBXFileReference; lastKnownFileType = sourcecode.swift; path = GHEUserProfileBussines.swift; sourceTree = "<group>"; };
		2DAAD3232A46F8670077A45E /* GHEUserProfileManager.swift */ = {isa = PBXFileReference; lastKnownFileType = sourcecode.swift; path = GHEUserProfileManager.swift; sourceTree = "<group>"; };
		2DAAD3252A470DEB0077A45E /* DateFormater.swift */ = {isa = PBXFileReference; lastKnownFileType = sourcecode.swift; path = DateFormater.swift; sourceTree = "<group>"; };
		2DAAD32D2A4718690077A45E /* BottomSheetModel.swift */ = {isa = PBXFileReference; lastKnownFileType = sourcecode.swift; path = BottomSheetModel.swift; sourceTree = "<group>"; };
		2DAAD3302A47186F0077A45E /* BottomSheetViewModel.swift */ = {isa = PBXFileReference; lastKnownFileType = sourcecode.swift; path = BottomSheetViewModel.swift; sourceTree = "<group>"; };
		2DAAD3332A4718720077A45E /* BottomSheetViewController.swift */ = {isa = PBXFileReference; lastKnownFileType = sourcecode.swift; path = BottomSheetViewController.swift; sourceTree = "<group>"; };
		2DAAD3352A4718720077A45E /* BottomSheetView.swift */ = {isa = PBXFileReference; lastKnownFileType = sourcecode.swift; path = BottomSheetView.swift; sourceTree = "<group>"; };
		2DAAD33A2A471CAC0077A45E /* UILabel.swift */ = {isa = PBXFileReference; lastKnownFileType = sourcecode.swift; path = UILabel.swift; sourceTree = "<group>"; };
		2DAAD3442A4731FF0077A45E /* GHEListUsersViewModelTests.swift */ = {isa = PBXFileReference; lastKnownFileType = sourcecode.swift; path = GHEListUsersViewModelTests.swift; sourceTree = "<group>"; };
		2DAAD34A2A4733390077A45E /* GitHubExplorerTests.xctest */ = {isa = PBXFileReference; explicitFileType = wrapper.cfbundle; includeInIndex = 0; path = GitHubExplorerTests.xctest; sourceTree = BUILT_PRODUCTS_DIR; };
		2DAAD34C2A4733390077A45E /* GitHubExplorerTests.swift */ = {isa = PBXFileReference; lastKnownFileType = sourcecode.swift; path = GitHubExplorerTests.swift; sourceTree = "<group>"; };
		2DAAD35A2A4738620077A45E /* GHEUserProfileViewModelTests.swift */ = {isa = PBXFileReference; lastKnownFileType = sourcecode.swift; path = GHEUserProfileViewModelTests.swift; sourceTree = "<group>"; };
		2DAAD35E2A48863A0077A45E /* GHEUserProfileManagerMock.swift */ = {isa = PBXFileReference; lastKnownFileType = sourcecode.swift; path = GHEUserProfileManagerMock.swift; sourceTree = "<group>"; };
		2DAAD3622A48875F0077A45E /* GHEListUserManagerMock.swift */ = {isa = PBXFileReference; lastKnownFileType = sourcecode.swift; path = GHEListUserManagerMock.swift; sourceTree = "<group>"; };
		2DAAD3642A488FF00077A45E /* StringProtocol.swift */ = {isa = PBXFileReference; lastKnownFileType = sourcecode.swift; path = StringProtocol.swift; sourceTree = "<group>"; };
		7D5A1AE59F42EE492AA1A40F /* Pods-GitHubExplorer.release.xcconfig */ = {isa = PBXFileReference; includeInIndex = 1; lastKnownFileType = text.xcconfig; name = "Pods-GitHubExplorer.release.xcconfig"; path = "Target Support Files/Pods-GitHubExplorer/Pods-GitHubExplorer.release.xcconfig"; sourceTree = "<group>"; };
/* End PBXFileReference section */

/* Begin PBXFrameworksBuildPhase section */
		2D3C63CC2A450E9B008CEB30 /* Frameworks */ = {
			isa = PBXFrameworksBuildPhase;
			buildActionMask = 2147483647;
			files = (
				B0EFC0EA25D397CD457E05F6 /* Pods_GitHubExplorer.framework in Frameworks */,
				2DAAD2FD2A4609700077A45E /* CoreSwift in Frameworks */,
			);
			runOnlyForDeploymentPostprocessing = 0;
		};
		2DAAD3472A4733390077A45E /* Frameworks */ = {
			isa = PBXFrameworksBuildPhase;
			buildActionMask = 2147483647;
			files = (
			);
			runOnlyForDeploymentPostprocessing = 0;
		};
/* End PBXFrameworksBuildPhase section */

/* Begin PBXGroup section */
		2D3C63C62A450E9B008CEB30 = {
			isa = PBXGroup;
			children = (
				2D3C63D12A450E9B008CEB30 /* GitHubExplorer */,
				2DAAD34B2A4733390077A45E /* GitHubExplorerTests */,
				2D3C63D02A450E9B008CEB30 /* Products */,
				7837BF97A7EE04B435D14C15 /* Pods */,
				3C0C73473CB9B4B9735F8EB7 /* Frameworks */,
			);
			sourceTree = "<group>";
		};
		2D3C63D02A450E9B008CEB30 /* Products */ = {
			isa = PBXGroup;
			children = (
				2D3C63CF2A450E9B008CEB30 /* GitHubExplorer.app */,
				2DAAD34A2A4733390077A45E /* GitHubExplorerTests.xctest */,
			);
			name = Products;
			sourceTree = "<group>";
		};
		2D3C63D12A450E9B008CEB30 /* GitHubExplorer */ = {
			isa = PBXGroup;
			children = (
				2D3C63F82A454824008CEB30 /* Sources */,
				2D3C63F72A45395B008CEB30 /* SupportFiles */,
				2D3C63E02A450E9D008CEB30 /* Info.plist */,
				2D3C63DB2A450E9D008CEB30 /* Assets.xcassets */,
			);
			path = GitHubExplorer;
			sourceTree = "<group>";
		};
		2D3C63F72A45395B008CEB30 /* SupportFiles */ = {
			isa = PBXGroup;
			children = (
				2DAAD2A62A45B8D80077A45E /* CoreComponents */,
				2D3C63D42A450E9B008CEB30 /* SceneDelegate.swift */,
				2D3C63D22A450E9B008CEB30 /* AppDelegate.swift */,
			);
			path = SupportFiles;
			sourceTree = "<group>";
		};
		2D3C63F82A454824008CEB30 /* Sources */ = {
			isa = PBXGroup;
			children = (
				2DAAD30A2A46E7330077A45E /* Features */,
				2DAAD3172A46EAEA0077A45E /* Commons */,
				2DAAD2A22A45B63D0077A45E /* Infrastructure */,
			);
			path = Sources;
			sourceTree = "<group>";
		};
		2D3C63FA2A454887008CEB30 /* Model */ = {
			isa = PBXGroup;
			children = (
				2D3C63FB2A45488E008CEB30 /* Response */,
			);
			path = Model;
			sourceTree = "<group>";
		};
		2D3C63FB2A45488E008CEB30 /* Response */ = {
			isa = PBXGroup;
			children = (
				2D3C63FC2A4548A9008CEB30 /* GHEUserResponse.swift */,
				2DAAD2A02A45B3B90077A45E /* GHEListRepositoryResponse.swift */,
			);
			path = Response;
			sourceTree = "<group>";
		};
		2DAAD2A22A45B63D0077A45E /* Infrastructure */ = {
			isa = PBXGroup;
			children = (
				2DAAD2A32A45B65C0077A45E /* Constants */,
			);
			path = Infrastructure;
			sourceTree = "<group>";
		};
		2DAAD2A32A45B65C0077A45E /* Constants */ = {
			isa = PBXGroup;
			children = (
				2DAAD2A42A45B6880077A45E /* GHEConstants.swift */,
			);
			path = Constants;
			sourceTree = "<group>";
		};
		2DAAD2A62A45B8D80077A45E /* CoreComponents */ = {
			isa = PBXGroup;
			children = (
				2DAAD2FE2A46148E0077A45E /* Views */,
				2DAAD32B2A47185E0077A45E /* BottomSheet */,
				2DAAD3012A461A440077A45E /* BaseController */,
				2DAAD2F32A45D8710077A45E /* LoadingView */,
				2DAAD2F02A45D2DD0077A45E /* HeaderView */,
				2DAAD2A72A45B8E70077A45E /* Helpers */,
			);
			path = CoreComponents;
			sourceTree = "<group>";
		};
		2DAAD2A72A45B8E70077A45E /* Helpers */ = {
			isa = PBXGroup;
			children = (
				2DAAD2D22A45C0CF0077A45E /* Extensions */,
			);
			path = Helpers;
			sourceTree = "<group>";
		};
		2DAAD2AC2A45BA750077A45E /* Operation */ = {
			isa = PBXGroup;
			children = (
				2DAAD2AD2A45BA920077A45E /* GHEListUsersOperation.swift */,
			);
			path = Operation;
			sourceTree = "<group>";
		};
		2DAAD2D22A45C0CF0077A45E /* Extensions */ = {
			isa = PBXGroup;
			children = (
				2DAAD2AA2A45B98A0077A45E /* UIViewConstraints.swift */,
				2DAAD2F62A45DA5B0077A45E /* UIViewAnimations.swift */,
				2DAAD3252A470DEB0077A45E /* DateFormater.swift */,
				2DAAD33A2A471CAC0077A45E /* UILabel.swift */,
				2DAAD3642A488FF00077A45E /* StringProtocol.swift */,
			);
			path = Extensions;
			sourceTree = "<group>";
		};
		2DAAD2DC2A45C41B0077A45E /* Manager */ = {
			isa = PBXGroup;
			children = (
				2DAAD2DD2A45C45B0077A45E /* GHEListUserManager.swift */,
			);
			path = Manager;
			sourceTree = "<group>";
		};
		2DAAD2E22A45C7820077A45E /* Domain */ = {
			isa = PBXGroup;
			children = (
				2DAAD2E42A45C7BD0077A45E /* ViewModel */,
				2DAAD2E32A45C7A90077A45E /* Bussines */,
			);
			path = Domain;
			sourceTree = "<group>";
		};
		2DAAD2E32A45C7A90077A45E /* Bussines */ = {
			isa = PBXGroup;
			children = (
				2DAAD3202A46F5180077A45E /* GHEUserProfileBussines.swift */,
			);
			path = Bussines;
			sourceTree = "<group>";
		};
		2DAAD2E42A45C7BD0077A45E /* ViewModel */ = {
			isa = PBXGroup;
			children = (
				2DAAD3062A4632DA0077A45E /* GHEUserProfileViewModel.swift */,
			);
			path = ViewModel;
			sourceTree = "<group>";
		};
		2DAAD2E92A45D0080077A45E /* Presentation */ = {
			isa = PBXGroup;
			children = (
				2DAAD2EB2A45D01E0077A45E /* Cordinator */,
				2DAAD2EA2A45D0110077A45E /* Controllers */,
			);
			path = Presentation;
			sourceTree = "<group>";
		};
		2DAAD2EA2A45D0110077A45E /* Controllers */ = {
			isa = PBXGroup;
			children = (
				2DAAD3082A4634650077A45E /* GHEUserProfileViewController.swift */,
			);
			path = Controllers;
			sourceTree = "<group>";
		};
		2DAAD2EB2A45D01E0077A45E /* Cordinator */ = {
			isa = PBXGroup;
			children = (
				2DAAD3042A4631C90077A45E /* GHEUserProfileCordinator.swift */,
			);
			path = Cordinator;
			sourceTree = "<group>";
		};
		2DAAD2F02A45D2DD0077A45E /* HeaderView */ = {
			isa = PBXGroup;
			children = (
				2DAAD2F12A45D2ED0077A45E /* HeaderView.swift */,
			);
			path = HeaderView;
			sourceTree = "<group>";
		};
		2DAAD2F32A45D8710077A45E /* LoadingView */ = {
			isa = PBXGroup;
			children = (
				2DAAD2F42A45D8800077A45E /* LoadingView.swift */,
			);
			path = LoadingView;
			sourceTree = "<group>";
		};
		2DAAD2FE2A46148E0077A45E /* Views */ = {
			isa = PBXGroup;
			children = (
				2DAAD2FF2A4614A80077A45E /* GHEProfileCell.swift */,
				2DAAD31A2A46EF990077A45E /* GHERepositoryCell.swift */,
			);
			path = Views;
			sourceTree = "<group>";
		};
		2DAAD3012A461A440077A45E /* BaseController */ = {
			isa = PBXGroup;
			children = (
				2DAAD3022A461A5B0077A45E /* BaseViewController.swift */,
			);
			path = BaseController;
			sourceTree = "<group>";
		};
		2DAAD30A2A46E7330077A45E /* Features */ = {
			isa = PBXGroup;
			children = (
				2DAAD30B2A46E7450077A45E /* Welcome */,
				2DAAD30E2A46E7D90077A45E /* ListUsers */,
				2DAAD3162A46EA710077A45E /* UserProfile */,
			);
			path = Features;
			sourceTree = "<group>";
		};
		2DAAD30B2A46E7450077A45E /* Welcome */ = {
			isa = PBXGroup;
			children = (
				2DAAD30C2A46E77D0077A45E /* Presentation */,
			);
			path = Welcome;
			sourceTree = "<group>";
		};
		2DAAD30C2A46E77D0077A45E /* Presentation */ = {
			isa = PBXGroup;
			children = (
				2DAAD30D2A46E7920077A45E /* Controllers */,
			);
			path = Presentation;
			sourceTree = "<group>";
		};
		2DAAD30D2A46E7920077A45E /* Controllers */ = {
			isa = PBXGroup;
			children = (
				2DAAD2EE2A45D1F20077A45E /* GHEWelcomeViewController.swift */,
			);
			path = Controllers;
			sourceTree = "<group>";
		};
		2DAAD30E2A46E7D90077A45E /* ListUsers */ = {
			isa = PBXGroup;
			children = (
				2DAAD3112A46E8330077A45E /* Presentation */,
				2DAAD3102A46E8250077A45E /* Domain */,
				2DAAD3192A46EC480077A45E /* Data */,
			);
			path = ListUsers;
			sourceTree = "<group>";
		};
		2DAAD3102A46E8250077A45E /* Domain */ = {
			isa = PBXGroup;
			children = (
				2DAAD3152A46E9110077A45E /* ViewModel */,
				2DAAD3142A46E9050077A45E /* Bussines */,
			);
			path = Domain;
			sourceTree = "<group>";
		};
		2DAAD3112A46E8330077A45E /* Presentation */ = {
			isa = PBXGroup;
			children = (
				2DAAD3132A46E8580077A45E /* Cordinator */,
				2DAAD3122A46E8460077A45E /* Controllers */,
			);
			path = Presentation;
			sourceTree = "<group>";
		};
		2DAAD3122A46E8460077A45E /* Controllers */ = {
			isa = PBXGroup;
			children = (
				2D3C63D62A450E9B008CEB30 /* GHEListUsersViewController.swift */,
			);
			path = Controllers;
			sourceTree = "<group>";
		};
		2DAAD3132A46E8580077A45E /* Cordinator */ = {
			isa = PBXGroup;
			children = (
				2DAAD2EC2A45D0420077A45E /* GHEListUserCordinator.swift */,
			);
			path = Cordinator;
			sourceTree = "<group>";
		};
		2DAAD3142A46E9050077A45E /* Bussines */ = {
			isa = PBXGroup;
			children = (
				2DAAD2E52A45C7C60077A45E /* GHEListUsersBusiness.swift */,
			);
			path = Bussines;
			sourceTree = "<group>";
		};
		2DAAD3152A46E9110077A45E /* ViewModel */ = {
			isa = PBXGroup;
			children = (
				2DAAD2E72A45CA7D0077A45E /* GHEListUsersViewModel.swift */,
			);
			path = ViewModel;
			sourceTree = "<group>";
		};
		2DAAD3162A46EA710077A45E /* UserProfile */ = {
			isa = PBXGroup;
			children = (
				2DAAD2E92A45D0080077A45E /* Presentation */,
				2DAAD2E22A45C7820077A45E /* Domain */,
				2DAAD31C2A46F3B70077A45E /* Data */,
			);
			path = UserProfile;
			sourceTree = "<group>";
		};
		2DAAD3172A46EAEA0077A45E /* Commons */ = {
			isa = PBXGroup;
			children = (
				2DAAD3182A46EB410077A45E /* Data */,
			);
			path = Commons;
			sourceTree = "<group>";
		};
		2DAAD3182A46EB410077A45E /* Data */ = {
			isa = PBXGroup;
			children = (
				2D3C63FA2A454887008CEB30 /* Model */,
			);
			path = Data;
			sourceTree = "<group>";
		};
		2DAAD3192A46EC480077A45E /* Data */ = {
			isa = PBXGroup;
			children = (
				2DAAD2DC2A45C41B0077A45E /* Manager */,
				2DAAD2AC2A45BA750077A45E /* Operation */,
			);
			path = Data;
			sourceTree = "<group>";
		};
		2DAAD31C2A46F3B70077A45E /* Data */ = {
			isa = PBXGroup;
			children = (
				2DAAD3222A46F85C0077A45E /* Manager */,
				2DAAD31D2A46F3DF0077A45E /* Operation */,
			);
			path = Data;
			sourceTree = "<group>";
		};
		2DAAD31D2A46F3DF0077A45E /* Operation */ = {
			isa = PBXGroup;
			children = (
				2DAAD31E2A46F4030077A45E /* GHEListRepositorysOperation.swift */,
				2D94FD4F2A48DF1500BF6E3F /* GHEUserMoreInfoOperation.swift */,
			);
			path = Operation;
			sourceTree = "<group>";
		};
		2DAAD3222A46F85C0077A45E /* Manager */ = {
			isa = PBXGroup;
			children = (
				2DAAD3232A46F8670077A45E /* GHEUserProfileManager.swift */,
			);
			path = Manager;
			sourceTree = "<group>";
		};
		2DAAD32B2A47185E0077A45E /* BottomSheet */ = {
			isa = PBXGroup;
			children = (
				2DAAD3312A4718720077A45E /* Presentation */,
				2DAAD32E2A47186F0077A45E /* Domain */,
				2DAAD32C2A4718690077A45E /* Data */,
			);
			path = BottomSheet;
			sourceTree = "<group>";
		};
		2DAAD32C2A4718690077A45E /* Data */ = {
			isa = PBXGroup;
			children = (
				2DAAD32D2A4718690077A45E /* BottomSheetModel.swift */,
			);
			path = Data;
			sourceTree = "<group>";
		};
		2DAAD32E2A47186F0077A45E /* Domain */ = {
			isa = PBXGroup;
			children = (
				2DAAD32F2A47186F0077A45E /* ViewModel */,
			);
			path = Domain;
			sourceTree = "<group>";
		};
		2DAAD32F2A47186F0077A45E /* ViewModel */ = {
			isa = PBXGroup;
			children = (
				2DAAD3302A47186F0077A45E /* BottomSheetViewModel.swift */,
			);
			path = ViewModel;
			sourceTree = "<group>";
		};
		2DAAD3312A4718720077A45E /* Presentation */ = {
			isa = PBXGroup;
			children = (
				2DAAD3322A4718720077A45E /* Controller */,
				2DAAD3342A4718720077A45E /* View */,
			);
			path = Presentation;
			sourceTree = "<group>";
		};
		2DAAD3322A4718720077A45E /* Controller */ = {
			isa = PBXGroup;
			children = (
				2DAAD3332A4718720077A45E /* BottomSheetViewController.swift */,
			);
			path = Controller;
			sourceTree = "<group>";
		};
		2DAAD3342A4718720077A45E /* View */ = {
			isa = PBXGroup;
			children = (
				2DAAD3352A4718720077A45E /* BottomSheetView.swift */,
			);
			path = View;
			sourceTree = "<group>";
		};
		2DAAD3402A4731A90077A45E /* Features */ = {
			isa = PBXGroup;
			children = (
				2DAAD3572A4738410077A45E /* UserProfile */,
				2DAAD3412A4731B70077A45E /* ListUsers */,
			);
			path = Features;
			sourceTree = "<group>";
		};
		2DAAD3412A4731B70077A45E /* ListUsers */ = {
			isa = PBXGroup;
			children = (
				2DAAD3422A4731DD0077A45E /* Domain */,
				2DAAD3602A4887430077A45E /* Data */,
			);
			path = ListUsers;
			sourceTree = "<group>";
		};
		2DAAD3422A4731DD0077A45E /* Domain */ = {
			isa = PBXGroup;
			children = (
				2DAAD3432A4731EA0077A45E /* ViewModel */,
			);
			path = Domain;
			sourceTree = "<group>";
		};
		2DAAD3432A4731EA0077A45E /* ViewModel */ = {
			isa = PBXGroup;
			children = (
				2DAAD3442A4731FF0077A45E /* GHEListUsersViewModelTests.swift */,
			);
			path = ViewModel;
			sourceTree = "<group>";
		};
		2DAAD34B2A4733390077A45E /* GitHubExplorerTests */ = {
			isa = PBXGroup;
			children = (
				2DAAD3402A4731A90077A45E /* Features */,
				2DAAD34C2A4733390077A45E /* GitHubExplorerTests.swift */,
			);
			path = GitHubExplorerTests;
			sourceTree = "<group>";
		};
		2DAAD3572A4738410077A45E /* UserProfile */ = {
			isa = PBXGroup;
			children = (
				2DAAD3582A47384C0077A45E /* Domain */,
				2DAAD35C2A4886170077A45E /* Data */,
			);
			path = UserProfile;
			sourceTree = "<group>";
		};
		2DAAD3582A47384C0077A45E /* Domain */ = {
			isa = PBXGroup;
			children = (
				2DAAD3592A4738530077A45E /* ViewModel */,
			);
			path = Domain;
			sourceTree = "<group>";
		};
		2DAAD3592A4738530077A45E /* ViewModel */ = {
			isa = PBXGroup;
			children = (
				2DAAD35A2A4738620077A45E /* GHEUserProfileViewModelTests.swift */,
			);
			path = ViewModel;
			sourceTree = "<group>";
		};
		2DAAD35C2A4886170077A45E /* Data */ = {
			isa = PBXGroup;
			children = (
				2DAAD35D2A4886220077A45E /* Manager */,
			);
			path = Data;
			sourceTree = "<group>";
		};
		2DAAD35D2A4886220077A45E /* Manager */ = {
			isa = PBXGroup;
			children = (
				2DAAD35E2A48863A0077A45E /* GHEUserProfileManagerMock.swift */,
			);
			path = Manager;
			sourceTree = "<group>";
		};
		2DAAD3602A4887430077A45E /* Data */ = {
			isa = PBXGroup;
			children = (
				2DAAD3612A4887500077A45E /* Manager */,
			);
			path = Data;
			sourceTree = "<group>";
		};
		2DAAD3612A4887500077A45E /* Manager */ = {
			isa = PBXGroup;
			children = (
				2DAAD3622A48875F0077A45E /* GHEListUserManagerMock.swift */,
			);
			path = Manager;
			sourceTree = "<group>";
		};
		3C0C73473CB9B4B9735F8EB7 /* Frameworks */ = {
			isa = PBXGroup;
			children = (
				2D8B628C303E566C2EA76BE1 /* Pods_GitHubExplorer.framework */,
			);
			name = Frameworks;
			sourceTree = "<group>";
		};
		7837BF97A7EE04B435D14C15 /* Pods */ = {
			isa = PBXGroup;
			children = (
				225A8214F70AEBACF3DC06DF /* Pods-GitHubExplorer.debug.xcconfig */,
				7D5A1AE59F42EE492AA1A40F /* Pods-GitHubExplorer.release.xcconfig */,
			);
			path = Pods;
			sourceTree = "<group>";
		};
/* End PBXGroup section */

/* Begin PBXNativeTarget section */
		2D3C63CE2A450E9B008CEB30 /* GitHubExplorer */ = {
			isa = PBXNativeTarget;
			buildConfigurationList = 2D3C63E32A450E9D008CEB30 /* Build configuration list for PBXNativeTarget "GitHubExplorer" */;
			buildPhases = (
				62B059B445EA9AB2F56907ED /* [CP] Check Pods Manifest.lock */,
				2D3C63CB2A450E9B008CEB30 /* Sources */,
				2D3C63CC2A450E9B008CEB30 /* Frameworks */,
				2D3C63CD2A450E9B008CEB30 /* Resources */,
				61E421140C6077714398894E /* [CP] Embed Pods Frameworks */,
				2D3C63F42A4534CC008CEB30 /* SwiftLint */,
			);
			buildRules = (
			);
			dependencies = (
			);
			name = GitHubExplorer;
			packageProductDependencies = (
				2DAAD2FC2A4609700077A45E /* CoreSwift */,
			);
			productName = GitHubExplorer;
			productReference = 2D3C63CF2A450E9B008CEB30 /* GitHubExplorer.app */;
			productType = "com.apple.product-type.application";
		};
		2DAAD3492A4733390077A45E /* GitHubExplorerTests */ = {
			isa = PBXNativeTarget;
			buildConfigurationList = 2DAAD3502A4733390077A45E /* Build configuration list for PBXNativeTarget "GitHubExplorerTests" */;
			buildPhases = (
				2DAAD3462A4733390077A45E /* Sources */,
				2DAAD3472A4733390077A45E /* Frameworks */,
				2DAAD3482A4733390077A45E /* Resources */,
			);
			buildRules = (
			);
			dependencies = (
				2DAAD34F2A4733390077A45E /* PBXTargetDependency */,
			);
			name = GitHubExplorerTests;
			productName = GitHubExplorerTests;
			productReference = 2DAAD34A2A4733390077A45E /* GitHubExplorerTests.xctest */;
			productType = "com.apple.product-type.bundle.unit-test";
		};
/* End PBXNativeTarget section */

/* Begin PBXProject section */
		2D3C63C72A450E9B008CEB30 /* Project object */ = {
			isa = PBXProject;
			attributes = {
				BuildIndependentTargetsInParallel = 1;
				CLASSPREFIX = GHE;
				LastSwiftUpdateCheck = 1430;
				LastUpgradeCheck = 1430;
				ORGANIZATIONNAME = GitHubExplorer;
				TargetAttributes = {
					2D3C63CE2A450E9B008CEB30 = {
						CreatedOnToolsVersion = 14.3;
					};
					2DAAD3492A4733390077A45E = {
						CreatedOnToolsVersion = 14.3;
						TestTargetID = 2D3C63CE2A450E9B008CEB30;
					};
				};
			};
			buildConfigurationList = 2D3C63CA2A450E9B008CEB30 /* Build configuration list for PBXProject "GitHubExplorer" */;
			compatibilityVersion = "Xcode 14.0";
			developmentRegion = en;
			hasScannedForEncodings = 0;
			knownRegions = (
				en,
				Base,
			);
			mainGroup = 2D3C63C62A450E9B008CEB30;
			packageReferences = (
				2DAAD2FB2A4609700077A45E /* XCRemoteSwiftPackageReference "CoreSwift" */,
			);
			productRefGroup = 2D3C63D02A450E9B008CEB30 /* Products */;
			projectDirPath = "";
			projectRoot = "";
			targets = (
				2D3C63CE2A450E9B008CEB30 /* GitHubExplorer */,
				2DAAD3492A4733390077A45E /* GitHubExplorerTests */,
			);
		};
/* End PBXProject section */

/* Begin PBXResourcesBuildPhase section */
		2D3C63CD2A450E9B008CEB30 /* Resources */ = {
			isa = PBXResourcesBuildPhase;
			buildActionMask = 2147483647;
			files = (
				2D3C63DC2A450E9D008CEB30 /* Assets.xcassets in Resources */,
			);
			runOnlyForDeploymentPostprocessing = 0;
		};
		2DAAD3482A4733390077A45E /* Resources */ = {
			isa = PBXResourcesBuildPhase;
			buildActionMask = 2147483647;
			files = (
			);
			runOnlyForDeploymentPostprocessing = 0;
		};
/* End PBXResourcesBuildPhase section */

/* Begin PBXShellScriptBuildPhase section */
		2D3C63F42A4534CC008CEB30 /* SwiftLint */ = {
			isa = PBXShellScriptBuildPhase;
			buildActionMask = 12;
			files = (
			);
			inputFileListPaths = (
			);
			inputPaths = (
			);
			name = SwiftLint;
			outputFileListPaths = (
			);
			outputPaths = (
			);
			runOnlyForDeploymentPostprocessing = 0;
			shellPath = /bin/sh;
			shellScript = "\"${PODS_ROOT}/SwiftLint/swiftlint\"\n";
		};
		61E421140C6077714398894E /* [CP] Embed Pods Frameworks */ = {
			isa = PBXShellScriptBuildPhase;
			buildActionMask = 2147483647;
			files = (
			);
			inputFileListPaths = (
			);
			name = "[CP] Embed Pods Frameworks";
			outputFileListPaths = (
			);
			runOnlyForDeploymentPostprocessing = 0;
			shellPath = /bin/sh;
			shellScript = "\"${PODS_ROOT}/Target Support Files/Pods-GitHubExplorer/Pods-GitHubExplorer-frameworks.sh\"\n";
			showEnvVarsInLog = 0;
		};
		62B059B445EA9AB2F56907ED /* [CP] Check Pods Manifest.lock */ = {
			isa = PBXShellScriptBuildPhase;
			buildActionMask = 2147483647;
			files = (
			);
			inputFileListPaths = (
			);
			inputPaths = (
				"${PODS_PODFILE_DIR_PATH}/Podfile.lock",
				"${PODS_ROOT}/Manifest.lock",
			);
			name = "[CP] Check Pods Manifest.lock";
			outputFileListPaths = (
			);
			outputPaths = (
				"$(DERIVED_FILE_DIR)/Pods-GitHubExplorer-checkManifestLockResult.txt",
			);
			runOnlyForDeploymentPostprocessing = 0;
			shellPath = /bin/sh;
			shellScript = "diff \"${PODS_PODFILE_DIR_PATH}/Podfile.lock\" \"${PODS_ROOT}/Manifest.lock\" > /dev/null\nif [ $? != 0 ] ; then\n    # print error to STDERR\n    echo \"error: The sandbox is not in sync with the Podfile.lock. Run 'pod install' or update your CocoaPods installation.\" >&2\n    exit 1\nfi\n# This output is used by Xcode 'outputs' to avoid re-running this script phase.\necho \"SUCCESS\" > \"${SCRIPT_OUTPUT_FILE_0}\"\n";
			showEnvVarsInLog = 0;
		};
/* End PBXShellScriptBuildPhase section */

/* Begin PBXSourcesBuildPhase section */
		2D3C63CB2A450E9B008CEB30 /* Sources */ = {
			isa = PBXSourcesBuildPhase;
			buildActionMask = 2147483647;
			files = (
				2DAAD3242A46F8670077A45E /* GHEUserProfileManager.swift in Sources */,
				2D3C63D72A450E9B008CEB30 /* GHEListUsersViewController.swift in Sources */,
				2DAAD2A12A45B3B90077A45E /* GHEListRepositoryResponse.swift in Sources */,
				2D3C63D32A450E9B008CEB30 /* AppDelegate.swift in Sources */,
				2DAAD2F22A45D2ED0077A45E /* HeaderView.swift in Sources */,
				2D94FD502A48DF1500BF6E3F /* GHEUserMoreInfoOperation.swift in Sources */,
				2DAAD3652A488FF00077A45E /* StringProtocol.swift in Sources */,
				2DAAD33B2A471CAC0077A45E /* UILabel.swift in Sources */,
				2DAAD2DE2A45C45B0077A45E /* GHEListUserManager.swift in Sources */,
				2DAAD3392A471A830077A45E /* BottomSheetModel.swift in Sources */,
				2DAAD3032A461A5B0077A45E /* BaseViewController.swift in Sources */,
				2DAAD2AB2A45B98A0077A45E /* UIViewConstraints.swift in Sources */,
				2DAAD31F2A46F4030077A45E /* GHEListRepositorysOperation.swift in Sources */,
				2D3C63D52A450E9B008CEB30 /* SceneDelegate.swift in Sources */,
				2DAAD3052A4631C90077A45E /* GHEUserProfileCordinator.swift in Sources */,
				2DAAD2ED2A45D0420077A45E /* GHEListUserCordinator.swift in Sources */,
				2DAAD31B2A46EF990077A45E /* GHERepositoryCell.swift in Sources */,
				2DAAD2F72A45DA5B0077A45E /* UIViewAnimations.swift in Sources */,
				2DAAD2F52A45D8800077A45E /* LoadingView.swift in Sources */,
				2DAAD3262A470DEB0077A45E /* DateFormater.swift in Sources */,
				2DAAD3072A4632DA0077A45E /* GHEUserProfileViewModel.swift in Sources */,
				2DAAD3212A46F5180077A45E /* GHEUserProfileBussines.swift in Sources */,
				2DAAD2A52A45B6880077A45E /* GHEConstants.swift in Sources */,
				2DAAD3362A471A760077A45E /* BottomSheetViewController.swift in Sources */,
				2DAAD3002A4614A80077A45E /* GHEProfileCell.swift in Sources */,
				2DAAD2AE2A45BA920077A45E /* GHEListUsersOperation.swift in Sources */,
				2DAAD2EF2A45D1F20077A45E /* GHEWelcomeViewController.swift in Sources */,
				2DAAD3092A4634650077A45E /* GHEUserProfileViewController.swift in Sources */,
				2DAAD3382A471A800077A45E /* BottomSheetViewModel.swift in Sources */,
				2DAAD2E62A45C7C60077A45E /* GHEListUsersBusiness.swift in Sources */,
				2DAAD3372A471A7E0077A45E /* BottomSheetView.swift in Sources */,
				2D3C63FD2A4548A9008CEB30 /* GHEUserResponse.swift in Sources */,
				2DAAD2E82A45CA7D0077A45E /* GHEListUsersViewModel.swift in Sources */,
			);
			runOnlyForDeploymentPostprocessing = 0;
		};
		2DAAD3462A4733390077A45E /* Sources */ = {
			isa = PBXSourcesBuildPhase;
			buildActionMask = 2147483647;
			files = (
				2DAAD3632A48875F0077A45E /* GHEListUserManagerMock.swift in Sources */,
				2DAAD3532A47335B0077A45E /* GHEListUsersViewModelTests.swift in Sources */,
				2DAAD35B2A4738620077A45E /* GHEUserProfileViewModelTests.swift in Sources */,
				2DAAD34D2A4733390077A45E /* GitHubExplorerTests.swift in Sources */,
				2DAAD35F2A48863A0077A45E /* GHEUserProfileManagerMock.swift in Sources */,
			);
			runOnlyForDeploymentPostprocessing = 0;
		};
/* End PBXSourcesBuildPhase section */

/* Begin PBXTargetDependency section */
		2DAAD34F2A4733390077A45E /* PBXTargetDependency */ = {
			isa = PBXTargetDependency;
			target = 2D3C63CE2A450E9B008CEB30 /* GitHubExplorer */;
			targetProxy = 2DAAD34E2A4733390077A45E /* PBXContainerItemProxy */;
		};
/* End PBXTargetDependency section */

/* Begin XCBuildConfiguration section */
		2D3C63E12A450E9D008CEB30 /* Debug */ = {
			isa = XCBuildConfiguration;
			buildSettings = {
				ALWAYS_SEARCH_USER_PATHS = NO;
				CLANG_ANALYZER_NONNULL = YES;
				CLANG_ANALYZER_NUMBER_OBJECT_CONVERSION = YES_AGGRESSIVE;
				CLANG_CXX_LANGUAGE_STANDARD = "gnu++20";
				CLANG_ENABLE_MODULES = YES;
				CLANG_ENABLE_OBJC_ARC = YES;
				CLANG_ENABLE_OBJC_WEAK = YES;
				CLANG_WARN_BLOCK_CAPTURE_AUTORELEASING = YES;
				CLANG_WARN_BOOL_CONVERSION = YES;
				CLANG_WARN_COMMA = YES;
				CLANG_WARN_CONSTANT_CONVERSION = YES;
				CLANG_WARN_DEPRECATED_OBJC_IMPLEMENTATIONS = YES;
				CLANG_WARN_DIRECT_OBJC_ISA_USAGE = YES_ERROR;
				CLANG_WARN_DOCUMENTATION_COMMENTS = YES;
				CLANG_WARN_EMPTY_BODY = YES;
				CLANG_WARN_ENUM_CONVERSION = YES;
				CLANG_WARN_INFINITE_RECURSION = YES;
				CLANG_WARN_INT_CONVERSION = YES;
				CLANG_WARN_NON_LITERAL_NULL_CONVERSION = YES;
				CLANG_WARN_OBJC_IMPLICIT_RETAIN_SELF = YES;
				CLANG_WARN_OBJC_LITERAL_CONVERSION = YES;
				CLANG_WARN_OBJC_ROOT_CLASS = YES_ERROR;
				CLANG_WARN_QUOTED_INCLUDE_IN_FRAMEWORK_HEADER = YES;
				CLANG_WARN_RANGE_LOOP_ANALYSIS = YES;
				CLANG_WARN_STRICT_PROTOTYPES = YES;
				CLANG_WARN_SUSPICIOUS_MOVE = YES;
				CLANG_WARN_UNGUARDED_AVAILABILITY = YES_AGGRESSIVE;
				CLANG_WARN_UNREACHABLE_CODE = YES;
				CLANG_WARN__DUPLICATE_METHOD_MATCH = YES;
				COPY_PHASE_STRIP = NO;
				DEBUG_INFORMATION_FORMAT = dwarf;
				ENABLE_STRICT_OBJC_MSGSEND = YES;
				ENABLE_TESTABILITY = YES;
				GCC_C_LANGUAGE_STANDARD = gnu11;
				GCC_DYNAMIC_NO_PIC = NO;
				GCC_NO_COMMON_BLOCKS = YES;
				GCC_OPTIMIZATION_LEVEL = 0;
				GCC_PREPROCESSOR_DEFINITIONS = (
					"DEBUG=1",
					"$(inherited)",
				);
				GCC_WARN_64_TO_32_BIT_CONVERSION = YES;
				GCC_WARN_ABOUT_RETURN_TYPE = YES_ERROR;
				GCC_WARN_UNDECLARED_SELECTOR = YES;
				GCC_WARN_UNINITIALIZED_AUTOS = YES_AGGRESSIVE;
				GCC_WARN_UNUSED_FUNCTION = YES;
				GCC_WARN_UNUSED_VARIABLE = YES;
				IPHONEOS_DEPLOYMENT_TARGET = 16.4;
				MTL_ENABLE_DEBUG_INFO = INCLUDE_SOURCE;
				MTL_FAST_MATH = YES;
				ONLY_ACTIVE_ARCH = YES;
				SDKROOT = iphoneos;
				SWIFT_ACTIVE_COMPILATION_CONDITIONS = DEBUG;
				SWIFT_OPTIMIZATION_LEVEL = "-Onone";
			};
			name = Debug;
		};
		2D3C63E22A450E9D008CEB30 /* Release */ = {
			isa = XCBuildConfiguration;
			buildSettings = {
				ALWAYS_SEARCH_USER_PATHS = NO;
				CLANG_ANALYZER_NONNULL = YES;
				CLANG_ANALYZER_NUMBER_OBJECT_CONVERSION = YES_AGGRESSIVE;
				CLANG_CXX_LANGUAGE_STANDARD = "gnu++20";
				CLANG_ENABLE_MODULES = YES;
				CLANG_ENABLE_OBJC_ARC = YES;
				CLANG_ENABLE_OBJC_WEAK = YES;
				CLANG_WARN_BLOCK_CAPTURE_AUTORELEASING = YES;
				CLANG_WARN_BOOL_CONVERSION = YES;
				CLANG_WARN_COMMA = YES;
				CLANG_WARN_CONSTANT_CONVERSION = YES;
				CLANG_WARN_DEPRECATED_OBJC_IMPLEMENTATIONS = YES;
				CLANG_WARN_DIRECT_OBJC_ISA_USAGE = YES_ERROR;
				CLANG_WARN_DOCUMENTATION_COMMENTS = YES;
				CLANG_WARN_EMPTY_BODY = YES;
				CLANG_WARN_ENUM_CONVERSION = YES;
				CLANG_WARN_INFINITE_RECURSION = YES;
				CLANG_WARN_INT_CONVERSION = YES;
				CLANG_WARN_NON_LITERAL_NULL_CONVERSION = YES;
				CLANG_WARN_OBJC_IMPLICIT_RETAIN_SELF = YES;
				CLANG_WARN_OBJC_LITERAL_CONVERSION = YES;
				CLANG_WARN_OBJC_ROOT_CLASS = YES_ERROR;
				CLANG_WARN_QUOTED_INCLUDE_IN_FRAMEWORK_HEADER = YES;
				CLANG_WARN_RANGE_LOOP_ANALYSIS = YES;
				CLANG_WARN_STRICT_PROTOTYPES = YES;
				CLANG_WARN_SUSPICIOUS_MOVE = YES;
				CLANG_WARN_UNGUARDED_AVAILABILITY = YES_AGGRESSIVE;
				CLANG_WARN_UNREACHABLE_CODE = YES;
				CLANG_WARN__DUPLICATE_METHOD_MATCH = YES;
				COPY_PHASE_STRIP = NO;
				DEBUG_INFORMATION_FORMAT = "dwarf-with-dsym";
				ENABLE_NS_ASSERTIONS = NO;
				ENABLE_STRICT_OBJC_MSGSEND = YES;
				GCC_C_LANGUAGE_STANDARD = gnu11;
				GCC_NO_COMMON_BLOCKS = YES;
				GCC_WARN_64_TO_32_BIT_CONVERSION = YES;
				GCC_WARN_ABOUT_RETURN_TYPE = YES_ERROR;
				GCC_WARN_UNDECLARED_SELECTOR = YES;
				GCC_WARN_UNINITIALIZED_AUTOS = YES_AGGRESSIVE;
				GCC_WARN_UNUSED_FUNCTION = YES;
				GCC_WARN_UNUSED_VARIABLE = YES;
				IPHONEOS_DEPLOYMENT_TARGET = 16.4;
				MTL_ENABLE_DEBUG_INFO = NO;
				MTL_FAST_MATH = YES;
				SDKROOT = iphoneos;
				SWIFT_COMPILATION_MODE = wholemodule;
				SWIFT_OPTIMIZATION_LEVEL = "-O";
				VALIDATE_PRODUCT = YES;
			};
			name = Release;
		};
		2D3C63E42A450E9D008CEB30 /* Debug */ = {
			isa = XCBuildConfiguration;
			baseConfigurationReference = 225A8214F70AEBACF3DC06DF /* Pods-GitHubExplorer.debug.xcconfig */;
			buildSettings = {
				ASSETCATALOG_COMPILER_APPICON_NAME = AppIcon;
				ASSETCATALOG_COMPILER_GLOBAL_ACCENT_COLOR_NAME = AccentColor;
				CODE_SIGN_STYLE = Automatic;
				CURRENT_PROJECT_VERSION = 1;
				DEVELOPMENT_TEAM = FSL95G7M8V;
				GENERATE_INFOPLIST_FILE = YES;
				INFOPLIST_FILE = GitHubExplorer/Info.plist;
				INFOPLIST_KEY_UIApplicationSupportsIndirectInputEvents = YES;
				INFOPLIST_KEY_UILaunchStoryboardName = LaunchScreen;
				INFOPLIST_KEY_UISupportedInterfaceOrientations_iPad = "UIInterfaceOrientationPortrait UIInterfaceOrientationPortraitUpsideDown UIInterfaceOrientationLandscapeLeft UIInterfaceOrientationLandscapeRight";
				INFOPLIST_KEY_UISupportedInterfaceOrientations_iPhone = "UIInterfaceOrientationPortrait UIInterfaceOrientationLandscapeLeft UIInterfaceOrientationLandscapeRight";
				LD_RUNPATH_SEARCH_PATHS = (
					"$(inherited)",
					"@executable_path/Frameworks",
				);
				MARKETING_VERSION = 1.0;
				PRODUCT_BUNDLE_IDENTIFIER = danilocarlosribeiro.GitHubExplorer;
				PRODUCT_NAME = "$(TARGET_NAME)";
				SERVER_URL = "https://api.github.com/";
				SWIFT_EMIT_LOC_STRINGS = YES;
				SWIFT_VERSION = 5.0;
				TARGETED_DEVICE_FAMILY = "1,2";
			};
			name = Debug;
		};
		2D3C63E52A450E9D008CEB30 /* Release */ = {
			isa = XCBuildConfiguration;
			baseConfigurationReference = 7D5A1AE59F42EE492AA1A40F /* Pods-GitHubExplorer.release.xcconfig */;
			buildSettings = {
				ASSETCATALOG_COMPILER_APPICON_NAME = AppIcon;
				ASSETCATALOG_COMPILER_GLOBAL_ACCENT_COLOR_NAME = AccentColor;
				CODE_SIGN_STYLE = Automatic;
				CURRENT_PROJECT_VERSION = 1;
				DEVELOPMENT_TEAM = FSL95G7M8V;
				GENERATE_INFOPLIST_FILE = YES;
				INFOPLIST_FILE = GitHubExplorer/Info.plist;
				INFOPLIST_KEY_UIApplicationSupportsIndirectInputEvents = YES;
				INFOPLIST_KEY_UILaunchStoryboardName = LaunchScreen;
				INFOPLIST_KEY_UISupportedInterfaceOrientations_iPad = "UIInterfaceOrientationPortrait UIInterfaceOrientationPortraitUpsideDown UIInterfaceOrientationLandscapeLeft UIInterfaceOrientationLandscapeRight";
				INFOPLIST_KEY_UISupportedInterfaceOrientations_iPhone = "UIInterfaceOrientationPortrait UIInterfaceOrientationLandscapeLeft UIInterfaceOrientationLandscapeRight";
				LD_RUNPATH_SEARCH_PATHS = (
					"$(inherited)",
					"@executable_path/Frameworks",
				);
				MARKETING_VERSION = 1.0;
				PRODUCT_BUNDLE_IDENTIFIER = danilocarlosribeiro.GitHubExplorer;
				PRODUCT_NAME = "$(TARGET_NAME)";
				SERVER_URL = "https://api.github.com/";
				SWIFT_EMIT_LOC_STRINGS = YES;
				SWIFT_VERSION = 5.0;
				TARGETED_DEVICE_FAMILY = "1,2";
			};
			name = Release;
		};
		2DAAD3512A4733390077A45E /* Debug */ = {
			isa = XCBuildConfiguration;
			buildSettings = {
				BUNDLE_LOADER = "$(TEST_HOST)";
				CODE_SIGN_STYLE = Automatic;
				CURRENT_PROJECT_VERSION = 1;
				DEVELOPMENT_TEAM = FSL95G7M8V;
				GENERATE_INFOPLIST_FILE = YES;
				MARKETING_VERSION = 1.0;
				PRODUCT_BUNDLE_IDENTIFIER = danilocarlosribeiro.GitHubExplorerTests;
				PRODUCT_NAME = "$(TARGET_NAME)";
				SWIFT_EMIT_LOC_STRINGS = NO;
				SWIFT_VERSION = 5.0;
				TARGETED_DEVICE_FAMILY = "1,2";
				TEST_HOST = "$(BUILT_PRODUCTS_DIR)/GitHubExplorer.app/$(BUNDLE_EXECUTABLE_FOLDER_PATH)/GitHubExplorer";
			};
			name = Debug;
		};
		2DAAD3522A4733390077A45E /* Release */ = {
			isa = XCBuildConfiguration;
			buildSettings = {
				BUNDLE_LOADER = "$(TEST_HOST)";
				CODE_SIGN_STYLE = Automatic;
				CURRENT_PROJECT_VERSION = 1;
				DEVELOPMENT_TEAM = FSL95G7M8V;
				GENERATE_INFOPLIST_FILE = YES;
				MARKETING_VERSION = 1.0;
				PRODUCT_BUNDLE_IDENTIFIER = danilocarlosribeiro.GitHubExplorerTests;
				PRODUCT_NAME = "$(TARGET_NAME)";
				SWIFT_EMIT_LOC_STRINGS = NO;
				SWIFT_VERSION = 5.0;
				TARGETED_DEVICE_FAMILY = "1,2";
				TEST_HOST = "$(BUILT_PRODUCTS_DIR)/GitHubExplorer.app/$(BUNDLE_EXECUTABLE_FOLDER_PATH)/GitHubExplorer";
			};
			name = Release;
		};
/* End XCBuildConfiguration section */

/* Begin XCConfigurationList section */
		2D3C63CA2A450E9B008CEB30 /* Build configuration list for PBXProject "GitHubExplorer" */ = {
			isa = XCConfigurationList;
			buildConfigurations = (
				2D3C63E12A450E9D008CEB30 /* Debug */,
				2D3C63E22A450E9D008CEB30 /* Release */,
			);
			defaultConfigurationIsVisible = 0;
			defaultConfigurationName = Release;
		};
		2D3C63E32A450E9D008CEB30 /* Build configuration list for PBXNativeTarget "GitHubExplorer" */ = {
			isa = XCConfigurationList;
			buildConfigurations = (
				2D3C63E42A450E9D008CEB30 /* Debug */,
				2D3C63E52A450E9D008CEB30 /* Release */,
			);
			defaultConfigurationIsVisible = 0;
			defaultConfigurationName = Release;
		};
		2DAAD3502A4733390077A45E /* Build configuration list for PBXNativeTarget "GitHubExplorerTests" */ = {
			isa = XCConfigurationList;
			buildConfigurations = (
				2DAAD3512A4733390077A45E /* Debug */,
				2DAAD3522A4733390077A45E /* Release */,
			);
			defaultConfigurationIsVisible = 0;
			defaultConfigurationName = Release;
		};
/* End XCConfigurationList section */

/* Begin XCRemoteSwiftPackageReference section */
		2DAAD2FB2A4609700077A45E /* XCRemoteSwiftPackageReference "CoreSwift" */ = {
			isa = XCRemoteSwiftPackageReference;
			repositoryURL = "https://github.com/andrecampopiano/CoreSwift";
			requirement = {
				kind = upToNextMajorVersion;
				minimumVersion = 1.0.0;
			};
		};
/* End XCRemoteSwiftPackageReference section */

/* Begin XCSwiftPackageProductDependency section */
		2DAAD2FC2A4609700077A45E /* CoreSwift */ = {
			isa = XCSwiftPackageProductDependency;
			package = 2DAAD2FB2A4609700077A45E /* XCRemoteSwiftPackageReference "CoreSwift" */;
			productName = CoreSwift;
		};
/* End XCSwiftPackageProductDependency section */
	};
	rootObject = 2D3C63C72A450E9B008CEB30 /* Project object */;
}
