PODS:
  - IQKeyboardManagerSwift (6.5.12)
  - SwiftLint (0.52.3)

DEPENDENCIES:
  - IQKeyboardManagerSwift
  - SwiftLint

SPEC REPOS:
  trunk:
    - IQKeyboardManagerSwift
    - SwiftLint

SPEC CHECKSUMS:
  IQKeyboardManagerSwift: 371b08cb39664fb56030f5345c815a4ffc74bbc0
  SwiftLint: 76ec9c62ad369cff2937474cb34c9af3fa270b7b

PODFILE CHECKSUM: b0e8ddc602fb4ffa5662ecaafff363563f239942

COCOAPODS: 1.12.1
